
Microsoft Visual Studio Solution File, Format Version 12.00
# Visual Studio Version 17
VisualStudioVersion = 17.6.33723.286
MinimumVisualStudioVersion = 10.0.40219.1
Project("{FAE04EC0-301F-11D3-BF4B-00C04F79EFBC}") = "IpcServer", "IpcServer\IpcServer.csproj", "{3134D13C-5F1C-4050-9507-E317859A9C24}"
EndProject
Project("{2150E333-8FDC-42A3-9474-1A3956D46DE8}") = "Solution Items", "Solution Items", "{839A12CB-5377-42F9-A23C-BE02C4B30D0A}"
	ProjectSection(SolutionItems) = preProject
		README.MD = README.MD
	EndProjectSection
EndProject
Project("{FAE04EC0-301F-11D3-BF4B-00C04F79EFBC}") = "IpcClient", "IpcClient\IpcClient.csproj", "{FE6EB8CF-4810-4197-BFDC-530EC56A931D}"
EndProject
Project("{FAE04EC0-301F-11D3-BF4B-00C04F79EFBC}") = "IpcClientServer", "IpcClientServer\IpcClientServer.csproj", "{A5BC5C05-5DAE-4F22-A024-0D6CBB4AEA6E}"
EndProject
Global
	GlobalSection(SolutionConfigurationPlatforms) = preSolution
		Debug|Any CPU = Debug|Any CPU
		Release|Any CPU = Release|Any CPU
	EndGlobalSection
	GlobalSection(ProjectConfigurationPlatforms) = postSolution
		{3134D13C-5F1C-4050-9507-E317859A9C24}.Debug|Any CPU.ActiveCfg = Debug|Any CPU
		{3134D13C-5F1C-4050-9507-E317859A9C24}.Debug|Any CPU.Build.0 = Debug|Any CPU
		{3134D13C-5F1C-4050-9507-E317859A9C24}.Release|Any CPU.ActiveCfg = Release|Any CPU
		{3134D13C-5F1C-4050-9507-E317859A9C24}.Release|Any CPU.Build.0 = Release|Any CPU
		{FE6EB8CF-4810-4197-BFDC-530EC56A931D}.Debug|Any CPU.ActiveCfg = Debug|Any CPU
		{FE6EB8CF-4810-4197-BFDC-530EC56A931D}.Debug|Any CPU.Build.0 = Debug|Any CPU
		{FE6EB8CF-4810-4197-BFDC-530EC56A931D}.Release|Any CPU.ActiveCfg = Release|Any CPU
		{FE6EB8CF-4810-4197-BFDC-530EC56A931D}.Release|Any CPU.Build.0 = Release|Any CPU
		{A5BC5C05-5DAE-4F22-A024-0D6CBB4AEA6E}.Debug|Any CPU.ActiveCfg = Debug|Any CPU
		{A5BC5C05-5DAE-4F22-A024-0D6CBB4AEA6E}.Debug|Any CPU.Build.0 = Debug|Any CPU
		{A5BC5C05-5DAE-4F22-A024-0D6CBB4AEA6E}.Release|Any CPU.ActiveCfg = Release|Any CPU
		{A5BC5C05-5DAE-4F22-A024-0D6CBB4AEA6E}.Release|Any CPU.Build.0 = Release|Any CPU
	EndGlobalSection
	GlobalSection(SolutionProperties) = preSolution
		HideSolutionNode = FALSE
	EndGlobalSection
	GlobalSection(ExtensibilityGlobals) = postSolution
		SolutionGuid = {890ADCBD-924F-4C5D-9D6D-C388658C0991}
	EndGlobalSection
EndGlobal
