
Microsoft Visual Studio Solution File, Format Version 12.00
# Visual Studio Version 17
VisualStudioVersion = 17.1.32407.343
MinimumVisualStudioVersion = 10.0.40219.1
Project("{FAE04EC0-301F-11D3-BF4B-00C04F79EFBC}") = "IvsTray", "IvsTray\IvsTray.csproj", "{9F8824A3-D490-48AF-BDE9-06AA58E979FF}"
EndProject
Project("{FAE04EC0-301F-11D3-BF4B-00C04F79EFBC}") = "IvsAgent", "IvsAgent\IvsAgent.csproj", "{8256E95F-31D8-4F30-9CD3-B7D0C3D3CE74}"
EndProject
Project("{2150E333-8FDC-42A3-9474-1A3956D46DE8}") = "Solution Items", "Solution Items", "{6089DA97-C5D7-49BB-BA04-BF1F9413896F}"
	ProjectSection(SolutionItems) = preProject
		.editorconfig = .editorconfig
	EndProjectSection
EndProject
Project("{FAE04EC0-301F-11D3-BF4B-00C04F79EFBC}") = "ToolManager", "ToolManager\ToolManager.csproj", "{B04124BA-1758-4AA2-8D3C-9BC0FB9C0E33}"
EndProject
Project("{FAE04EC0-301F-11D3-BF4B-00C04F79EFBC}") = "Common.FileHelpers", "Common.FileHelpers\Common.FileHelpers.csproj", "{BC9538D2-5B2E-487C-948D-E78BC2EE31BF}"
EndProject
Project("{FAE04EC0-301F-11D3-BF4B-00C04F79EFBC}") = "Common.Net", "Common.Net\Common.Net.csproj", "{B564AA85-C85E-44A9-8D0F-D5F22CECF199}"
EndProject
Project("{FAE04EC0-301F-11D3-BF4B-00C04F79EFBC}") = "Common.RegistryHelpers", "Common.RegistryHelpers\Common.RegistryHelpers.csproj", "{FEAF253A-A8B4-45DE-A0DB-F009B86F1734}"
EndProject
Project("{FAE04EC0-301F-11D3-BF4B-00C04F79EFBC}") = "Common.ConfigProvider", "Common.ConfigProvider\Common.ConfigProvider.csproj", "{2E5DA9E9-CCD9-4E4F-A841-706393E59EAA}"
EndProject
Project("{FAE04EC0-301F-11D3-BF4B-00C04F79EFBC}") = "Common.Serialization", "Common.Serialization\Common.Serialization.csproj", "{9B52D22C-E412-48FE-8544-77FE742B61B9}"
EndProject
Project("{FAE04EC0-301F-11D3-BF4B-00C04F79EFBC}") = "Common.Ipc.Np", "Ipc\Common.Ipc.Np\Common.Ipc.Np.csproj", "{F5631E2F-34D6-4ED1-8695-A1CFB38B2A1A}"
EndProject
Project("{FAE04EC0-301F-11D3-BF4B-00C04F79EFBC}") = "Common.Ipc.Np.Client", "Ipc\Common.Ipc.Np.Client\Common.Ipc.Np.Client.csproj", "{FD25DEFA-2D2E-4C87-BC8F-EEF832D6E470}"
EndProject
Project("{FAE04EC0-301F-11D3-BF4B-00C04F79EFBC}") = "Common.Ipc.Np.Server", "Ipc\Common.Ipc.Np.Server\Common.Ipc.Np.Server.csproj", "{E1B798CD-B65C-42B1-9B9D-7241C2BC1786}"
EndProject
Project("{FAE04EC0-301F-11D3-BF4B-00C04F79EFBC}") = "Common.ServiceHelpers", "Common.ServiceHelpers\Common.ServiceHelpers.csproj", "{AE36D533-FC41-4EED-9770-85204CBC3894}"
EndProject
Project("{FAE04EC0-301F-11D3-BF4B-00C04F79EFBC}") = "Common", "Common\Common.csproj", "{59DB54E9-A91D-469F-9AD4-8252BC748DA1}"
EndProject
Project("{FAE04EC0-301F-11D3-BF4B-00C04F79EFBC}") = "Common.AvHelper", "Common.AvHelper\Common.AvHelper.csproj", "{7B636AED-AA0B-4B93-B47A-F46C197F0356}"
EndProject
Project("{FAE04EC0-301F-11D3-BF4B-00C04F79EFBC}") = "Common.Localization", "Common.Localization\Common.Localization.csproj", "{51A8F89B-689A-4F15-B250-01C943630838}"
EndProject
Project("{FAE04EC0-301F-11D3-BF4B-00C04F79EFBC}") = "IvsUninstall", "IvsUninstall\IvsUninstall.csproj", "{CBF19ED4-C4EA-4CE2-8A4C-ADDC04032418}"
EndProject
Global
	GlobalSection(SolutionConfigurationPlatforms) = preSolution
		Debug|Any CPU = Debug|Any CPU
		Debug|x86 = Debug|x86
		Release|Any CPU = Release|Any CPU
		Release|x86 = Release|x86
	EndGlobalSection
	GlobalSection(ProjectConfigurationPlatforms) = postSolution
		{9F8824A3-D490-48AF-BDE9-06AA58E979FF}.Debug|Any CPU.ActiveCfg = Debug|Any CPU
		{9F8824A3-D490-48AF-BDE9-06AA58E979FF}.Debug|Any CPU.Build.0 = Debug|Any CPU
		{9F8824A3-D490-48AF-BDE9-06AA58E979FF}.Debug|x86.ActiveCfg = Debug|Any CPU
		{9F8824A3-D490-48AF-BDE9-06AA58E979FF}.Debug|x86.Build.0 = Debug|Any CPU
		{9F8824A3-D490-48AF-BDE9-06AA58E979FF}.Release|Any CPU.ActiveCfg = Release|Any CPU
		{9F8824A3-D490-48AF-BDE9-06AA58E979FF}.Release|Any CPU.Build.0 = Release|Any CPU
		{9F8824A3-D490-48AF-BDE9-06AA58E979FF}.Release|x86.ActiveCfg = Release|Any CPU
		{9F8824A3-D490-48AF-BDE9-06AA58E979FF}.Release|x86.Build.0 = Release|Any CPU
		{8256E95F-31D8-4F30-9CD3-B7D0C3D3CE74}.Debug|Any CPU.ActiveCfg = Debug|Any CPU
		{8256E95F-31D8-4F30-9CD3-B7D0C3D3CE74}.Debug|Any CPU.Build.0 = Debug|Any CPU
		{8256E95F-31D8-4F30-9CD3-B7D0C3D3CE74}.Debug|x86.ActiveCfg = Debug|Any CPU
		{8256E95F-31D8-4F30-9CD3-B7D0C3D3CE74}.Debug|x86.Build.0 = Debug|Any CPU
		{8256E95F-31D8-4F30-9CD3-B7D0C3D3CE74}.Release|Any CPU.ActiveCfg = Release|Any CPU
		{8256E95F-31D8-4F30-9CD3-B7D0C3D3CE74}.Release|Any CPU.Build.0 = Release|Any CPU
		{8256E95F-31D8-4F30-9CD3-B7D0C3D3CE74}.Release|x86.ActiveCfg = Release|Any CPU
		{8256E95F-31D8-4F30-9CD3-B7D0C3D3CE74}.Release|x86.Build.0 = Release|Any CPU
		{B04124BA-1758-4AA2-8D3C-9BC0FB9C0E33}.Debug|Any CPU.ActiveCfg = Debug|Any CPU
		{B04124BA-1758-4AA2-8D3C-9BC0FB9C0E33}.Debug|Any CPU.Build.0 = Debug|Any CPU
		{B04124BA-1758-4AA2-8D3C-9BC0FB9C0E33}.Debug|x86.ActiveCfg = Debug|Any CPU
		{B04124BA-1758-4AA2-8D3C-9BC0FB9C0E33}.Debug|x86.Build.0 = Debug|Any CPU
		{B04124BA-1758-4AA2-8D3C-9BC0FB9C0E33}.Release|Any CPU.ActiveCfg = Release|Any CPU
		{B04124BA-1758-4AA2-8D3C-9BC0FB9C0E33}.Release|Any CPU.Build.0 = Release|Any CPU
		{B04124BA-1758-4AA2-8D3C-9BC0FB9C0E33}.Release|x86.ActiveCfg = Release|Any CPU
		{B04124BA-1758-4AA2-8D3C-9BC0FB9C0E33}.Release|x86.Build.0 = Release|Any CPU
		{BC9538D2-5B2E-487C-948D-E78BC2EE31BF}.Debug|Any CPU.ActiveCfg = Debug|Any CPU
		{BC9538D2-5B2E-487C-948D-E78BC2EE31BF}.Debug|Any CPU.Build.0 = Debug|Any CPU
		{BC9538D2-5B2E-487C-948D-E78BC2EE31BF}.Debug|x86.ActiveCfg = Debug|Any CPU
		{BC9538D2-5B2E-487C-948D-E78BC2EE31BF}.Debug|x86.Build.0 = Debug|Any CPU
		{BC9538D2-5B2E-487C-948D-E78BC2EE31BF}.Release|Any CPU.ActiveCfg = Release|Any CPU
		{BC9538D2-5B2E-487C-948D-E78BC2EE31BF}.Release|Any CPU.Build.0 = Release|Any CPU
		{BC9538D2-5B2E-487C-948D-E78BC2EE31BF}.Release|x86.ActiveCfg = Release|Any CPU
		{BC9538D2-5B2E-487C-948D-E78BC2EE31BF}.Release|x86.Build.0 = Release|Any CPU
		{B564AA85-C85E-44A9-8D0F-D5F22CECF199}.Debug|Any CPU.ActiveCfg = Debug|Any CPU
		{B564AA85-C85E-44A9-8D0F-D5F22CECF199}.Debug|Any CPU.Build.0 = Debug|Any CPU
		{B564AA85-C85E-44A9-8D0F-D5F22CECF199}.Debug|x86.ActiveCfg = Debug|Any CPU
		{B564AA85-C85E-44A9-8D0F-D5F22CECF199}.Debug|x86.Build.0 = Debug|Any CPU
		{B564AA85-C85E-44A9-8D0F-D5F22CECF199}.Release|Any CPU.ActiveCfg = Release|Any CPU
		{B564AA85-C85E-44A9-8D0F-D5F22CECF199}.Release|Any CPU.Build.0 = Release|Any CPU
		{B564AA85-C85E-44A9-8D0F-D5F22CECF199}.Release|x86.ActiveCfg = Release|Any CPU
		{B564AA85-C85E-44A9-8D0F-D5F22CECF199}.Release|x86.Build.0 = Release|Any CPU
		{FEAF253A-A8B4-45DE-A0DB-F009B86F1734}.Debug|Any CPU.ActiveCfg = Debug|Any CPU
		{FEAF253A-A8B4-45DE-A0DB-F009B86F1734}.Debug|Any CPU.Build.0 = Debug|Any CPU
		{FEAF253A-A8B4-45DE-A0DB-F009B86F1734}.Debug|x86.ActiveCfg = Debug|Any CPU
		{FEAF253A-A8B4-45DE-A0DB-F009B86F1734}.Debug|x86.Build.0 = Debug|Any CPU
		{FEAF253A-A8B4-45DE-A0DB-F009B86F1734}.Release|Any CPU.ActiveCfg = Release|Any CPU
		{FEAF253A-A8B4-45DE-A0DB-F009B86F1734}.Release|Any CPU.Build.0 = Release|Any CPU
		{FEAF253A-A8B4-45DE-A0DB-F009B86F1734}.Release|x86.ActiveCfg = Release|Any CPU
		{FEAF253A-A8B4-45DE-A0DB-F009B86F1734}.Release|x86.Build.0 = Release|Any CPU
		{2E5DA9E9-CCD9-4E4F-A841-706393E59EAA}.Debug|Any CPU.ActiveCfg = Debug|Any CPU
		{2E5DA9E9-CCD9-4E4F-A841-706393E59EAA}.Debug|Any CPU.Build.0 = Debug|Any CPU
		{2E5DA9E9-CCD9-4E4F-A841-706393E59EAA}.Debug|x86.ActiveCfg = Debug|Any CPU
		{2E5DA9E9-CCD9-4E4F-A841-706393E59EAA}.Debug|x86.Build.0 = Debug|Any CPU
		{2E5DA9E9-CCD9-4E4F-A841-706393E59EAA}.Release|Any CPU.ActiveCfg = Release|Any CPU
		{2E5DA9E9-CCD9-4E4F-A841-706393E59EAA}.Release|Any CPU.Build.0 = Release|Any CPU
		{2E5DA9E9-CCD9-4E4F-A841-706393E59EAA}.Release|x86.ActiveCfg = Release|Any CPU
		{2E5DA9E9-CCD9-4E4F-A841-706393E59EAA}.Release|x86.Build.0 = Release|Any CPU
		{9B52D22C-E412-48FE-8544-77FE742B61B9}.Debug|Any CPU.ActiveCfg = Debug|Any CPU
		{9B52D22C-E412-48FE-8544-77FE742B61B9}.Debug|Any CPU.Build.0 = Debug|Any CPU
		{9B52D22C-E412-48FE-8544-77FE742B61B9}.Debug|x86.ActiveCfg = Debug|Any CPU
		{9B52D22C-E412-48FE-8544-77FE742B61B9}.Debug|x86.Build.0 = Debug|Any CPU
		{9B52D22C-E412-48FE-8544-77FE742B61B9}.Release|Any CPU.ActiveCfg = Release|Any CPU
		{9B52D22C-E412-48FE-8544-77FE742B61B9}.Release|Any CPU.Build.0 = Release|Any CPU
		{9B52D22C-E412-48FE-8544-77FE742B61B9}.Release|x86.ActiveCfg = Release|Any CPU
		{9B52D22C-E412-48FE-8544-77FE742B61B9}.Release|x86.Build.0 = Release|Any CPU
		{F5631E2F-34D6-4ED1-8695-A1CFB38B2A1A}.Debug|Any CPU.ActiveCfg = Debug|Any CPU
		{F5631E2F-34D6-4ED1-8695-A1CFB38B2A1A}.Debug|Any CPU.Build.0 = Debug|Any CPU
		{F5631E2F-34D6-4ED1-8695-A1CFB38B2A1A}.Debug|x86.ActiveCfg = Debug|Any CPU
		{F5631E2F-34D6-4ED1-8695-A1CFB38B2A1A}.Debug|x86.Build.0 = Debug|Any CPU
		{F5631E2F-34D6-4ED1-8695-A1CFB38B2A1A}.Release|Any CPU.ActiveCfg = Release|Any CPU
		{F5631E2F-34D6-4ED1-8695-A1CFB38B2A1A}.Release|Any CPU.Build.0 = Release|Any CPU
		{F5631E2F-34D6-4ED1-8695-A1CFB38B2A1A}.Release|x86.ActiveCfg = Release|Any CPU
		{F5631E2F-34D6-4ED1-8695-A1CFB38B2A1A}.Release|x86.Build.0 = Release|Any CPU
		{FD25DEFA-2D2E-4C87-BC8F-EEF832D6E470}.Debug|Any CPU.ActiveCfg = Debug|Any CPU
		{FD25DEFA-2D2E-4C87-BC8F-EEF832D6E470}.Debug|Any CPU.Build.0 = Debug|Any CPU
		{FD25DEFA-2D2E-4C87-BC8F-EEF832D6E470}.Debug|x86.ActiveCfg = Debug|Any CPU
		{FD25DEFA-2D2E-4C87-BC8F-EEF832D6E470}.Debug|x86.Build.0 = Debug|Any CPU
		{FD25DEFA-2D2E-4C87-BC8F-EEF832D6E470}.Release|Any CPU.ActiveCfg = Release|Any CPU
		{FD25DEFA-2D2E-4C87-BC8F-EEF832D6E470}.Release|Any CPU.Build.0 = Release|Any CPU
		{FD25DEFA-2D2E-4C87-BC8F-EEF832D6E470}.Release|x86.ActiveCfg = Release|Any CPU
		{FD25DEFA-2D2E-4C87-BC8F-EEF832D6E470}.Release|x86.Build.0 = Release|Any CPU
		{E1B798CD-B65C-42B1-9B9D-7241C2BC1786}.Debug|Any CPU.ActiveCfg = Debug|Any CPU
		{E1B798CD-B65C-42B1-9B9D-7241C2BC1786}.Debug|Any CPU.Build.0 = Debug|Any CPU
		{E1B798CD-B65C-42B1-9B9D-7241C2BC1786}.Debug|x86.ActiveCfg = Debug|Any CPU
		{E1B798CD-B65C-42B1-9B9D-7241C2BC1786}.Debug|x86.Build.0 = Debug|Any CPU
		{E1B798CD-B65C-42B1-9B9D-7241C2BC1786}.Release|Any CPU.ActiveCfg = Release|Any CPU
		{E1B798CD-B65C-42B1-9B9D-7241C2BC1786}.Release|Any CPU.Build.0 = Release|Any CPU
		{E1B798CD-B65C-42B1-9B9D-7241C2BC1786}.Release|x86.ActiveCfg = Release|Any CPU
		{E1B798CD-B65C-42B1-9B9D-7241C2BC1786}.Release|x86.Build.0 = Release|Any CPU
		{AE36D533-FC41-4EED-9770-85204CBC3894}.Debug|Any CPU.ActiveCfg = Debug|Any CPU
		{AE36D533-FC41-4EED-9770-85204CBC3894}.Debug|Any CPU.Build.0 = Debug|Any CPU
		{AE36D533-FC41-4EED-9770-85204CBC3894}.Debug|x86.ActiveCfg = Debug|Any CPU
		{AE36D533-FC41-4EED-9770-85204CBC3894}.Debug|x86.Build.0 = Debug|Any CPU
		{AE36D533-FC41-4EED-9770-85204CBC3894}.Release|Any CPU.ActiveCfg = Release|Any CPU
		{AE36D533-FC41-4EED-9770-85204CBC3894}.Release|Any CPU.Build.0 = Release|Any CPU
		{AE36D533-FC41-4EED-9770-85204CBC3894}.Release|x86.ActiveCfg = Release|Any CPU
		{AE36D533-FC41-4EED-9770-85204CBC3894}.Release|x86.Build.0 = Release|Any CPU
		{59DB54E9-A91D-469F-9AD4-8252BC748DA1}.Debug|Any CPU.ActiveCfg = Debug|Any CPU
		{59DB54E9-A91D-469F-9AD4-8252BC748DA1}.Debug|Any CPU.Build.0 = Debug|Any CPU
		{59DB54E9-A91D-469F-9AD4-8252BC748DA1}.Debug|x86.ActiveCfg = Debug|Any CPU
		{59DB54E9-A91D-469F-9AD4-8252BC748DA1}.Debug|x86.Build.0 = Debug|Any CPU
		{59DB54E9-A91D-469F-9AD4-8252BC748DA1}.Release|Any CPU.ActiveCfg = Release|Any CPU
		{59DB54E9-A91D-469F-9AD4-8252BC748DA1}.Release|Any CPU.Build.0 = Release|Any CPU
		{59DB54E9-A91D-469F-9AD4-8252BC748DA1}.Release|x86.ActiveCfg = Release|Any CPU
		{59DB54E9-A91D-469F-9AD4-8252BC748DA1}.Release|x86.Build.0 = Release|Any CPU
		{7B636AED-AA0B-4B93-B47A-F46C197F0356}.Debug|Any CPU.ActiveCfg = Debug|Any CPU
		{7B636AED-AA0B-4B93-B47A-F46C197F0356}.Debug|Any CPU.Build.0 = Debug|Any CPU
		{7B636AED-AA0B-4B93-B47A-F46C197F0356}.Debug|x86.ActiveCfg = Debug|Any CPU
		{7B636AED-AA0B-4B93-B47A-F46C197F0356}.Debug|x86.Build.0 = Debug|Any CPU
		{7B636AED-AA0B-4B93-B47A-F46C197F0356}.Release|Any CPU.ActiveCfg = Release|Any CPU
		{7B636AED-AA0B-4B93-B47A-F46C197F0356}.Release|Any CPU.Build.0 = Release|Any CPU
		{7B636AED-AA0B-4B93-B47A-F46C197F0356}.Release|x86.ActiveCfg = Release|Any CPU
		{7B636AED-AA0B-4B93-B47A-F46C197F0356}.Release|x86.Build.0 = Release|Any CPU
		{51A8F89B-689A-4F15-B250-01C943630838}.Debug|Any CPU.ActiveCfg = Debug|Any CPU
		{51A8F89B-689A-4F15-B250-01C943630838}.Debug|Any CPU.Build.0 = Debug|Any CPU
		{51A8F89B-689A-4F15-B250-01C943630838}.Debug|x86.ActiveCfg = Debug|Any CPU
		{51A8F89B-689A-4F15-B250-01C943630838}.Debug|x86.Build.0 = Debug|Any CPU
		{51A8F89B-689A-4F15-B250-01C943630838}.Release|Any CPU.ActiveCfg = Release|Any CPU
		{51A8F89B-689A-4F15-B250-01C943630838}.Release|Any CPU.Build.0 = Release|Any CPU
		{51A8F89B-689A-4F15-B250-01C943630838}.Release|x86.ActiveCfg = Release|Any CPU
		{51A8F89B-689A-4F15-B250-01C943630838}.Release|x86.Build.0 = Release|Any CPU
		{CBF19ED4-C4EA-4CE2-8A4C-ADDC04032418}.Debug|Any CPU.ActiveCfg = Debug|Any CPU
		{CBF19ED4-C4EA-4CE2-8A4C-ADDC04032418}.Debug|Any CPU.Build.0 = Debug|Any CPU
		{CBF19ED4-C4EA-4CE2-8A4C-ADDC04032418}.Debug|x86.ActiveCfg = Debug|Any CPU
		{CBF19ED4-C4EA-4CE2-8A4C-ADDC04032418}.Debug|x86.Build.0 = Debug|Any CPU
		{CBF19ED4-C4EA-4CE2-8A4C-ADDC04032418}.Release|Any CPU.ActiveCfg = Release|Any CPU
		{CBF19ED4-C4EA-4CE2-8A4C-ADDC04032418}.Release|Any CPU.Build.0 = Release|Any CPU
		{CBF19ED4-C4EA-4CE2-8A4C-ADDC04032418}.Release|x86.ActiveCfg = Release|Any CPU
		{CBF19ED4-C4EA-4CE2-8A4C-ADDC04032418}.Release|x86.Build.0 = Release|Any CPU
	EndGlobalSection
	GlobalSection(SolutionProperties) = preSolution
		HideSolutionNode = FALSE
	EndGlobalSection
	GlobalSection(ExtensibilityGlobals) = postSolution
		SolutionGuid = {3FD684B2-0B85-4D0F-BEB1-ECAAB99CE11E}
	EndGlobalSection
EndGlobal
