
Microsoft Visual Studio Solution File, Format Version 12.00
# Visual Studio Version 17
VisualStudioVersion = 17.1.32407.343
MinimumVisualStudioVersion = 10.0.40219.1
Project("{FAE04EC0-301F-11D3-BF4B-00C04F79EFBC}") = "IvsTray", "IvsTray\IvsTray.csproj", "{9F8824A3-D490-48AF-BDE9-06AA58E979FF}"
EndProject
Project("{FAE04EC0-301F-11D3-BF4B-00C04F79EFBC}") = "IvsAgent", "IvsAgent\IvsAgent.csproj", "{8256E95F-31D8-4F30-9CD3-B7D0C3D3CE74}"
EndProject
Project("{2150E333-8FDC-42A3-9474-1A3956D46DE8}") = "Solution Items", "Solution Items", "{6089DA97-C5D7-49BB-BA04-BF1F9413896F}"
	ProjectSection(SolutionItems) = preProject
		.editorconfig = .editorconfig
	EndProjectSection
EndProject
Project("{FAE04EC0-301F-11D3-BF4B-00C04F79EFBC}") = "ToolManager", "ToolManager\ToolManager.csproj", "{B04124BA-1758-4AA2-8D3C-9BC0FB9C0E33}"
EndProject
Project("{FAE04EC0-301F-11D3-BF4B-00C04F79EFBC}") = "Common.Core", "Common.Core\Common.Core.csproj", "{12BBB8A8-535C-48B1-A50E-22ACD920A478}"
EndProject
Project("{FAE04EC0-301F-11D3-BF4B-00C04F79EFBC}") = "Common.FileHelpers", "Common.FileHelpers\Common.FileHelpers.csproj", "{BC9538D2-5B2E-487C-948D-E78BC2EE31BF}"
EndProject
Project("{FAE04EC0-301F-11D3-BF4B-00C04F79EFBC}") = "Common.Net", "Common.Net\Common.Net.csproj", "{B564AA85-C85E-44A9-8D0F-D5F22CECF199}"
EndProject
Project("{FAE04EC0-301F-11D3-BF4B-00C04F79EFBC}") = "Common.RegistryHelpers", "Common.RegistryHelpers\Common.RegistryHelpers.csproj", "{FEAF253A-A8B4-45DE-A0DB-F009B86F1734}"
EndProject
Project("{FAE04EC0-301F-11D3-BF4B-00C04F79EFBC}") = "Common.ConfigProvider", "Common.ConfigProvider\Common.ConfigProvider.csproj", "{2E5DA9E9-CCD9-4E4F-A841-706393E59EAA}"
EndProject
Project("{FAE04EC0-301F-11D3-BF4B-00C04F79EFBC}") = "Common.Serialization", "Common.Serialization\Common.Serialization.csproj", "{9B52D22C-E412-48FE-8544-77FE742B61B9}"
EndProject
Global
	GlobalSection(SolutionConfigurationPlatforms) = preSolution
		Debug|Any CPU = Debug|Any CPU
		Debug|x86 = Debug|x86
		Release|Any CPU = Release|Any CPU
		Release|x86 = Release|x86
	EndGlobalSection
	GlobalSection(ProjectConfigurationPlatforms) = postSolution
		{9F8824A3-D490-48AF-BDE9-06AA58E979FF}.Debug|Any CPU.ActiveCfg = Debug|Any CPU
		{9F8824A3-D490-48AF-BDE9-06AA58E979FF}.Debug|Any CPU.Build.0 = Debug|Any CPU
		{9F8824A3-D490-48AF-BDE9-06AA58E979FF}.Debug|x86.ActiveCfg = Debug|Any CPU
		{9F8824A3-D490-48AF-BDE9-06AA58E979FF}.Debug|x86.Build.0 = Debug|Any CPU
		{9F8824A3-D490-48AF-BDE9-06AA58E979FF}.Release|Any CPU.ActiveCfg = Release|Any CPU
		{9F8824A3-D490-48AF-BDE9-06AA58E979FF}.Release|Any CPU.Build.0 = Release|Any CPU
		{9F8824A3-D490-48AF-BDE9-06AA58E979FF}.Release|x86.ActiveCfg = Release|Any CPU
		{9F8824A3-D490-48AF-BDE9-06AA58E979FF}.Release|x86.Build.0 = Release|Any CPU
		{8256E95F-31D8-4F30-9CD3-B7D0C3D3CE74}.Debug|Any CPU.ActiveCfg = Debug|Any CPU
		{8256E95F-31D8-4F30-9CD3-B7D0C3D3CE74}.Debug|Any CPU.Build.0 = Debug|Any CPU
		{8256E95F-31D8-4F30-9CD3-B7D0C3D3CE74}.Debug|x86.ActiveCfg = Debug|Any CPU
		{8256E95F-31D8-4F30-9CD3-B7D0C3D3CE74}.Debug|x86.Build.0 = Debug|Any CPU
		{8256E95F-31D8-4F30-9CD3-B7D0C3D3CE74}.Release|Any CPU.ActiveCfg = Release|Any CPU
		{8256E95F-31D8-4F30-9CD3-B7D0C3D3CE74}.Release|Any CPU.Build.0 = Release|Any CPU
		{8256E95F-31D8-4F30-9CD3-B7D0C3D3CE74}.Release|x86.ActiveCfg = Release|Any CPU
		{8256E95F-31D8-4F30-9CD3-B7D0C3D3CE74}.Release|x86.Build.0 = Release|Any CPU
		{B04124BA-1758-4AA2-8D3C-9BC0FB9C0E33}.Debug|Any CPU.ActiveCfg = Debug|Any CPU
		{B04124BA-1758-4AA2-8D3C-9BC0FB9C0E33}.Debug|Any CPU.Build.0 = Debug|Any CPU
		{B04124BA-1758-4AA2-8D3C-9BC0FB9C0E33}.Debug|x86.ActiveCfg = Debug|Any CPU
		{B04124BA-1758-4AA2-8D3C-9BC0FB9C0E33}.Debug|x86.Build.0 = Debug|Any CPU
		{B04124BA-1758-4AA2-8D3C-9BC0FB9C0E33}.Release|Any CPU.ActiveCfg = Release|Any CPU
		{B04124BA-1758-4AA2-8D3C-9BC0FB9C0E33}.Release|Any CPU.Build.0 = Release|Any CPU
		{B04124BA-1758-4AA2-8D3C-9BC0FB9C0E33}.Release|x86.ActiveCfg = Release|Any CPU
		{B04124BA-1758-4AA2-8D3C-9BC0FB9C0E33}.Release|x86.Build.0 = Release|Any CPU
		{12BBB8A8-535C-48B1-A50E-22ACD920A478}.Debug|Any CPU.ActiveCfg = Debug|Any CPU
		{12BBB8A8-535C-48B1-A50E-22ACD920A478}.Debug|Any CPU.Build.0 = Debug|Any CPU
		{12BBB8A8-535C-48B1-A50E-22ACD920A478}.Debug|x86.ActiveCfg = Debug|Any CPU
		{12BBB8A8-535C-48B1-A50E-22ACD920A478}.Debug|x86.Build.0 = Debug|Any CPU
		{12BBB8A8-535C-48B1-A50E-22ACD920A478}.Release|Any CPU.ActiveCfg = Release|Any CPU
		{12BBB8A8-535C-48B1-A50E-22ACD920A478}.Release|Any CPU.Build.0 = Release|Any CPU
		{12BBB8A8-535C-48B1-A50E-22ACD920A478}.Release|x86.ActiveCfg = Release|Any CPU
		{12BBB8A8-535C-48B1-A50E-22ACD920A478}.Release|x86.Build.0 = Release|Any CPU
		{BC9538D2-5B2E-487C-948D-E78BC2EE31BF}.Debug|Any CPU.ActiveCfg = Debug|Any CPU
		{BC9538D2-5B2E-487C-948D-E78BC2EE31BF}.Debug|Any CPU.Build.0 = Debug|Any CPU
		{BC9538D2-5B2E-487C-948D-E78BC2EE31BF}.Debug|x86.ActiveCfg = Debug|Any CPU
		{BC9538D2-5B2E-487C-948D-E78BC2EE31BF}.Debug|x86.Build.0 = Debug|Any CPU
		{BC9538D2-5B2E-487C-948D-E78BC2EE31BF}.Release|Any CPU.ActiveCfg = Release|Any CPU
		{BC9538D2-5B2E-487C-948D-E78BC2EE31BF}.Release|Any CPU.Build.0 = Release|Any CPU
		{BC9538D2-5B2E-487C-948D-E78BC2EE31BF}.Release|x86.ActiveCfg = Release|Any CPU
		{BC9538D2-5B2E-487C-948D-E78BC2EE31BF}.Release|x86.Build.0 = Release|Any CPU
		{B564AA85-C85E-44A9-8D0F-D5F22CECF199}.Debug|Any CPU.ActiveCfg = Debug|Any CPU
		{B564AA85-C85E-44A9-8D0F-D5F22CECF199}.Debug|Any CPU.Build.0 = Debug|Any CPU
		{B564AA85-C85E-44A9-8D0F-D5F22CECF199}.Debug|x86.ActiveCfg = Debug|Any CPU
		{B564AA85-C85E-44A9-8D0F-D5F22CECF199}.Debug|x86.Build.0 = Debug|Any CPU
		{B564AA85-C85E-44A9-8D0F-D5F22CECF199}.Release|Any CPU.ActiveCfg = Release|Any CPU
		{B564AA85-C85E-44A9-8D0F-D5F22CECF199}.Release|Any CPU.Build.0 = Release|Any CPU
		{B564AA85-C85E-44A9-8D0F-D5F22CECF199}.Release|x86.ActiveCfg = Release|Any CPU
		{B564AA85-C85E-44A9-8D0F-D5F22CECF199}.Release|x86.Build.0 = Release|Any CPU
		{FEAF253A-A8B4-45DE-A0DB-F009B86F1734}.Debug|Any CPU.ActiveCfg = Debug|Any CPU
		{FEAF253A-A8B4-45DE-A0DB-F009B86F1734}.Debug|Any CPU.Build.0 = Debug|Any CPU
		{FEAF253A-A8B4-45DE-A0DB-F009B86F1734}.Debug|x86.ActiveCfg = Debug|Any CPU
		{FEAF253A-A8B4-45DE-A0DB-F009B86F1734}.Debug|x86.Build.0 = Debug|Any CPU
		{FEAF253A-A8B4-45DE-A0DB-F009B86F1734}.Release|Any CPU.ActiveCfg = Release|Any CPU
		{FEAF253A-A8B4-45DE-A0DB-F009B86F1734}.Release|Any CPU.Build.0 = Release|Any CPU
		{FEAF253A-A8B4-45DE-A0DB-F009B86F1734}.Release|x86.ActiveCfg = Release|Any CPU
		{FEAF253A-A8B4-45DE-A0DB-F009B86F1734}.Release|x86.Build.0 = Release|Any CPU
		{2E5DA9E9-CCD9-4E4F-A841-706393E59EAA}.Debug|Any CPU.ActiveCfg = Debug|Any CPU
		{2E5DA9E9-CCD9-4E4F-A841-706393E59EAA}.Debug|Any CPU.Build.0 = Debug|Any CPU
		{2E5DA9E9-CCD9-4E4F-A841-706393E59EAA}.Debug|x86.ActiveCfg = Debug|Any CPU
		{2E5DA9E9-CCD9-4E4F-A841-706393E59EAA}.Debug|x86.Build.0 = Debug|Any CPU
		{2E5DA9E9-CCD9-4E4F-A841-706393E59EAA}.Release|Any CPU.ActiveCfg = Release|Any CPU
		{2E5DA9E9-CCD9-4E4F-A841-706393E59EAA}.Release|Any CPU.Build.0 = Release|Any CPU
		{2E5DA9E9-CCD9-4E4F-A841-706393E59EAA}.Release|x86.ActiveCfg = Release|Any CPU
		{2E5DA9E9-CCD9-4E4F-A841-706393E59EAA}.Release|x86.Build.0 = Release|Any CPU
		{9B52D22C-E412-48FE-8544-77FE742B61B9}.Debug|Any CPU.ActiveCfg = Debug|Any CPU
		{9B52D22C-E412-48FE-8544-77FE742B61B9}.Debug|Any CPU.Build.0 = Debug|Any CPU
		{9B52D22C-E412-48FE-8544-77FE742B61B9}.Debug|x86.ActiveCfg = Debug|Any CPU
		{9B52D22C-E412-48FE-8544-77FE742B61B9}.Debug|x86.Build.0 = Debug|Any CPU
		{9B52D22C-E412-48FE-8544-77FE742B61B9}.Release|Any CPU.ActiveCfg = Release|Any CPU
		{9B52D22C-E412-48FE-8544-77FE742B61B9}.Release|Any CPU.Build.0 = Release|Any CPU
		{9B52D22C-E412-48FE-8544-77FE742B61B9}.Release|x86.ActiveCfg = Release|Any CPU
		{9B52D22C-E412-48FE-8544-77FE742B61B9}.Release|x86.Build.0 = Release|Any CPU
	EndGlobalSection
	GlobalSection(SolutionProperties) = preSolution
		HideSolutionNode = FALSE
	EndGlobalSection
	GlobalSection(ExtensibilityGlobals) = postSolution
		SolutionGuid = {3FD684B2-0B85-4D0F-BEB1-ECAAB99CE11E}
	EndGlobalSection
EndGlobal
