
Microsoft Visual Studio Solution File, Format Version 12.00
# Visual Studio Version 17
VisualStudioVersion = 17.1.32407.343
MinimumVisualStudioVersion = 10.0.40219.1
Project("{FAE04EC0-301F-11D3-BF4B-00C04F79EFBC}") = "IvsTray", "IvsTray\IvsTray.csproj", "{9F8824A3-D490-48AF-BDE9-06AA58E979FF}"
EndProject
Project("{FAE04EC0-301F-11D3-BF4B-00C04F79EFBC}") = "IvsAgent", "IvsAgent\IvsAgent.csproj", "{8256E95F-31D8-4F30-9CD3-B7D0C3D3CE74}"
EndProject
Project("{FAE04EC0-301F-11D3-BF4B-00C04F79EFBC}") = "Common", "Common\Common.csproj", "{0698EB58-DEE6-4285-BAEF-872887FF15CB}"
EndProject
Project("{2150E333-8FDC-42A3-9474-1A3956D46DE8}") = "Solution Items", "Solution Items", "{6089DA97-C5D7-49BB-BA04-BF1F9413896F}"
	ProjectSection(SolutionItems) = preProject
		.editorconfig = .editorconfig
	EndProjectSection
EndProject
Project("{B7DD6F7E-DEF8-4E67-B5B7-07EF123DB6F0}") = "InvinSetup", "InvinSetup\InvinSetup.wixproj", "{EA0BF198-F9BD-4244-99DC-5135B0F45D74}"
EndProject
Project("{FAE04EC0-301F-11D3-BF4B-00C04F79EFBC}") = "ToolManager", "ToolManager\ToolManager.csproj", "{B04124BA-1758-4AA2-8D3C-9BC0FB9C0E33}"
EndProject
Project("{FAE04EC0-301F-11D3-BF4B-00C04F79EFBC}") = "IvsUninstall", "IvsUninstall\IvsUninstall.csproj", "{CBF19ED4-C4EA-4CE2-8A4C-ADDC04032418}"
EndProject
Project("{9A19103F-16F7-4668-BE54-9A1E7A4F7556}") = "CustomActions", "CustomActions\CustomActions.csproj", "{94F5A33A-6004-4021-958D-7B12990045FA}"
EndProject
Global
	GlobalSection(SolutionConfigurationPlatforms) = preSolution
		Debug|Any CPU = Debug|Any CPU
		Debug|x86 = Debug|x86
		Release|Any CPU = Release|Any CPU
		Release|x86 = Release|x86
	EndGlobalSection
	GlobalSection(ProjectConfigurationPlatforms) = postSolution
		{9F8824A3-D490-48AF-BDE9-06AA58E979FF}.Debug|Any CPU.ActiveCfg = Debug|Any CPU
		{9F8824A3-D490-48AF-BDE9-06AA58E979FF}.Debug|Any CPU.Build.0 = Debug|Any CPU
		{9F8824A3-D490-48AF-BDE9-06AA58E979FF}.Debug|x86.ActiveCfg = Debug|Any CPU
		{9F8824A3-D490-48AF-BDE9-06AA58E979FF}.Debug|x86.Build.0 = Debug|Any CPU
		{9F8824A3-D490-48AF-BDE9-06AA58E979FF}.Release|Any CPU.ActiveCfg = Release|Any CPU
		{9F8824A3-D490-48AF-BDE9-06AA58E979FF}.Release|Any CPU.Build.0 = Release|Any CPU
		{9F8824A3-D490-48AF-BDE9-06AA58E979FF}.Release|x86.ActiveCfg = Release|Any CPU
		{9F8824A3-D490-48AF-BDE9-06AA58E979FF}.Release|x86.Build.0 = Release|Any CPU
		{8256E95F-31D8-4F30-9CD3-B7D0C3D3CE74}.Debug|Any CPU.ActiveCfg = Debug|Any CPU
		{8256E95F-31D8-4F30-9CD3-B7D0C3D3CE74}.Debug|Any CPU.Build.0 = Debug|Any CPU
		{8256E95F-31D8-4F30-9CD3-B7D0C3D3CE74}.Debug|x86.ActiveCfg = Debug|Any CPU
		{8256E95F-31D8-4F30-9CD3-B7D0C3D3CE74}.Debug|x86.Build.0 = Debug|Any CPU
		{8256E95F-31D8-4F30-9CD3-B7D0C3D3CE74}.Release|Any CPU.ActiveCfg = Release|Any CPU
		{8256E95F-31D8-4F30-9CD3-B7D0C3D3CE74}.Release|Any CPU.Build.0 = Release|Any CPU
		{8256E95F-31D8-4F30-9CD3-B7D0C3D3CE74}.Release|x86.ActiveCfg = Release|Any CPU
		{8256E95F-31D8-4F30-9CD3-B7D0C3D3CE74}.Release|x86.Build.0 = Release|Any CPU
		{0698EB58-DEE6-4285-BAEF-872887FF15CB}.Debug|Any CPU.ActiveCfg = Debug|Any CPU
		{0698EB58-DEE6-4285-BAEF-872887FF15CB}.Debug|Any CPU.Build.0 = Debug|Any CPU
		{0698EB58-DEE6-4285-BAEF-872887FF15CB}.Debug|x86.ActiveCfg = Debug|Any CPU
		{0698EB58-DEE6-4285-BAEF-872887FF15CB}.Debug|x86.Build.0 = Debug|Any CPU
		{0698EB58-DEE6-4285-BAEF-872887FF15CB}.Release|Any CPU.ActiveCfg = Release|Any CPU
		{0698EB58-DEE6-4285-BAEF-872887FF15CB}.Release|Any CPU.Build.0 = Release|Any CPU
		{0698EB58-DEE6-4285-BAEF-872887FF15CB}.Release|x86.ActiveCfg = Release|Any CPU
		{0698EB58-DEE6-4285-BAEF-872887FF15CB}.Release|x86.Build.0 = Release|Any CPU
		{EA0BF198-F9BD-4244-99DC-5135B0F45D74}.Debug|Any CPU.ActiveCfg = Debug|x64
		{EA0BF198-F9BD-4244-99DC-5135B0F45D74}.Debug|Any CPU.Build.0 = Debug|x64
		{EA0BF198-F9BD-4244-99DC-5135B0F45D74}.Debug|x86.ActiveCfg = Debug|x86
		{EA0BF198-F9BD-4244-99DC-5135B0F45D74}.Debug|x86.Build.0 = Debug|x86
		{EA0BF198-F9BD-4244-99DC-5135B0F45D74}.Release|Any CPU.ActiveCfg = Release|x86
		{EA0BF198-F9BD-4244-99DC-5135B0F45D74}.Release|Any CPU.Build.0 = Release|x86
		{EA0BF198-F9BD-4244-99DC-5135B0F45D74}.Release|x86.ActiveCfg = Release|x86
		{EA0BF198-F9BD-4244-99DC-5135B0F45D74}.Release|x86.Build.0 = Release|x86
		{B04124BA-1758-4AA2-8D3C-9BC0FB9C0E33}.Debug|Any CPU.ActiveCfg = Debug|Any CPU
		{B04124BA-1758-4AA2-8D3C-9BC0FB9C0E33}.Debug|Any CPU.Build.0 = Debug|Any CPU
		{B04124BA-1758-4AA2-8D3C-9BC0FB9C0E33}.Debug|x86.ActiveCfg = Debug|Any CPU
		{B04124BA-1758-4AA2-8D3C-9BC0FB9C0E33}.Debug|x86.Build.0 = Debug|Any CPU
		{B04124BA-1758-4AA2-8D3C-9BC0FB9C0E33}.Release|Any CPU.ActiveCfg = Release|Any CPU
		{B04124BA-1758-4AA2-8D3C-9BC0FB9C0E33}.Release|Any CPU.Build.0 = Release|Any CPU
		{B04124BA-1758-4AA2-8D3C-9BC0FB9C0E33}.Release|x86.ActiveCfg = Release|Any CPU
		{B04124BA-1758-4AA2-8D3C-9BC0FB9C0E33}.Release|x86.Build.0 = Release|Any CPU
		{CBF19ED4-C4EA-4CE2-8A4C-ADDC04032418}.Debug|Any CPU.ActiveCfg = Debug|Any CPU
		{CBF19ED4-C4EA-4CE2-8A4C-ADDC04032418}.Debug|Any CPU.Build.0 = Debug|Any CPU
		{CBF19ED4-C4EA-4CE2-8A4C-ADDC04032418}.Debug|x86.ActiveCfg = Debug|Any CPU
		{CBF19ED4-C4EA-4CE2-8A4C-ADDC04032418}.Debug|x86.Build.0 = Debug|Any CPU
		{CBF19ED4-C4EA-4CE2-8A4C-ADDC04032418}.Release|Any CPU.ActiveCfg = Release|Any CPU
		{CBF19ED4-C4EA-4CE2-8A4C-ADDC04032418}.Release|Any CPU.Build.0 = Release|Any CPU
		{CBF19ED4-C4EA-4CE2-8A4C-ADDC04032418}.Release|x86.ActiveCfg = Release|Any CPU
		{CBF19ED4-C4EA-4CE2-8A4C-ADDC04032418}.Release|x86.Build.0 = Release|Any CPU
		{94F5A33A-6004-4021-958D-7B12990045FA}.Debug|Any CPU.ActiveCfg = Debug|Any CPU
		{94F5A33A-6004-4021-958D-7B12990045FA}.Debug|Any CPU.Build.0 = Debug|Any CPU
		{94F5A33A-6004-4021-958D-7B12990045FA}.Debug|x86.ActiveCfg = Debug|Any CPU
		{94F5A33A-6004-4021-958D-7B12990045FA}.Debug|x86.Build.0 = Debug|Any CPU
		{94F5A33A-6004-4021-958D-7B12990045FA}.Release|Any CPU.ActiveCfg = Release|Any CPU
		{94F5A33A-6004-4021-958D-7B12990045FA}.Release|Any CPU.Build.0 = Release|Any CPU
		{94F5A33A-6004-4021-958D-7B12990045FA}.Release|x86.ActiveCfg = Release|Any CPU
		{94F5A33A-6004-4021-958D-7B12990045FA}.Release|x86.Build.0 = Release|Any CPU
	EndGlobalSection
	GlobalSection(SolutionProperties) = preSolution
		HideSolutionNode = FALSE
	EndGlobalSection
	GlobalSection(ExtensibilityGlobals) = postSolution
		SolutionGuid = {3FD684B2-0B85-4D0F-BEB1-ECAAB99CE11E}
	EndGlobalSection
EndGlobal
