
Microsoft Visual Studio Solution File, Format Version 12.00
# Visual Studio Version 17
VisualStudioVersion = 17.1.32407.343
MinimumVisualStudioVersion = 10.0.40219.1
Project("{FAE04EC0-301F-11D3-BF4B-00C04F79EFBC}") = "IpcServer", "IpcServer\IpcServer.csproj", "{3134D13C-5F1C-4050-9507-E317859A9C24}"
EndProject
Project("{FAE04EC0-301F-11D3-BF4B-00C04F79EFBC}") = "IpcClient", "IpcClient\IpcClient.csproj", "{FE6EB8CF-4810-4197-BFDC-530EC56A931D}"
EndProject
Project("{FAE04EC0-301F-11D3-BF4B-00C04F79EFBC}") = "EventLogPublisher", "EventLogPublisher\EventLogPublisher.csproj", "{394CF89F-9841-4EDA-8E68-43D0914ACFC8}"
EndProject
Project("{FAE04EC0-301F-11D3-BF4B-00C04F79EFBC}") = "EventLogSubsriber", "EventLogSubsriber\EventLogSubsriber.csproj", "{0A9DF203-D636-4FA7-AAD6-6E508135C20B}"
EndProject
Global
	GlobalSection(SolutionConfigurationPlatforms) = preSolution
		Debug|Any CPU = Debug|Any CPU
		Release|Any CPU = Release|Any CPU
	EndGlobalSection
	GlobalSection(ProjectConfigurationPlatforms) = postSolution
		{3134D13C-5F1C-4050-9507-E317859A9C24}.Debug|Any CPU.ActiveCfg = Debug|Any CPU
		{3134D13C-5F1C-4050-9507-E317859A9C24}.Debug|Any CPU.Build.0 = Debug|Any CPU
		{3134D13C-5F1C-4050-9507-E317859A9C24}.Release|Any CPU.ActiveCfg = Release|Any CPU
		{3134D13C-5F1C-4050-9507-E317859A9C24}.Release|Any CPU.Build.0 = Release|Any CPU
		{FE6EB8CF-4810-4197-BFDC-530EC56A931D}.Debug|Any CPU.ActiveCfg = Debug|Any CPU
		{FE6EB8CF-4810-4197-BFDC-530EC56A931D}.Debug|Any CPU.Build.0 = Debug|Any CPU
		{FE6EB8CF-4810-4197-BFDC-530EC56A931D}.Release|Any CPU.ActiveCfg = Release|Any CPU
		{FE6EB8CF-4810-4197-BFDC-530EC56A931D}.Release|Any CPU.Build.0 = Release|Any CPU
		{394CF89F-9841-4EDA-8E68-43D0914ACFC8}.Debug|Any CPU.ActiveCfg = Debug|Any CPU
		{394CF89F-9841-4EDA-8E68-43D0914ACFC8}.Debug|Any CPU.Build.0 = Debug|Any CPU
		{394CF89F-9841-4EDA-8E68-43D0914ACFC8}.Release|Any CPU.ActiveCfg = Release|Any CPU
		{394CF89F-9841-4EDA-8E68-43D0914ACFC8}.Release|Any CPU.Build.0 = Release|Any CPU
		{0A9DF203-D636-4FA7-AAD6-6E508135C20B}.Debug|Any CPU.ActiveCfg = Debug|Any CPU
		{0A9DF203-D636-4FA7-AAD6-6E508135C20B}.Debug|Any CPU.Build.0 = Debug|Any CPU
		{0A9DF203-D636-4FA7-AAD6-6E508135C20B}.Release|Any CPU.ActiveCfg = Release|Any CPU
		{0A9DF203-D636-4FA7-AAD6-6E508135C20B}.Release|Any CPU.Build.0 = Release|Any CPU
	EndGlobalSection
	GlobalSection(SolutionProperties) = preSolution
		HideSolutionNode = FALSE
	EndGlobalSection
	GlobalSection(ExtensibilityGlobals) = postSolution
		SolutionGuid = {3FD684B2-0B85-4D0F-BEB1-ECAAB99CE11E}
	EndGlobalSection
EndGlobal
