
Microsoft Visual Studio Solution File, Format Version 12.00
# Visual Studio Version 17
VisualStudioVersion = 17.1.32407.343
MinimumVisualStudioVersion = 10.0.40219.1
Project("{FAE04EC0-301F-11D3-BF4B-00C04F79EFBC}") = "EventLogPublisher", "EventLogPublisher\EventLogPublisher.csproj", "{394CF89F-9841-4EDA-8E68-43D0914ACFC8}"
EndProject
Project("{FAE04EC0-301F-11D3-BF4B-00C04F79EFBC}") = "EventLogSubsriber", "EventLogSubsriber\EventLogSubsriber.csproj", "{0A9DF203-D636-4FA7-AAD6-6E508135C20B}"
EndProject
Project("{FAE04EC0-301F-11D3-BF4B-00C04F79EFBC}") = "FormsTest", "FormsTest\FormsTest.csproj", "{B5DD4FCE-0C5E-4013-BA67-C8C3E994E77E}"
EndProject
Project("{FAE04EC0-301F-11D3-BF4B-00C04F79EFBC}") = "ProcessMonitorTest", "ProcessMonitorTest\ProcessMonitorTest.csproj", "{381D536C-BC07-4A4B-97F2-59A02EDCF711}"
EndProject
Project("{FAE04EC0-301F-11D3-BF4B-00C04F79EFBC}") = "ServiceMonitorTest", "ServiceMonitorTest\ServiceMonitorTest.csproj", "{4E152C66-8756-4049-B259-F57785ED6A95}"
EndProject
Project("{FAE04EC0-301F-11D3-BF4B-00C04F79EFBC}") = "AvMonitorTest", "AvMonitorTest\AvMonitorTest.csproj", "{723D755F-B19A-4DC2-B75D-B9FFD6252AD8}"
EndProject
Project("{FAE04EC0-301F-11D3-BF4B-00C04F79EFBC}") = "SystemManagementTest", "SystemManagementTest\SystemManagementTest.csproj", "{CBEDC414-1E71-4C30-8287-9FB7DCAFC24C}"
EndProject
Project("{FAE04EC0-301F-11D3-BF4B-00C04F79EFBC}") = "SampleService", "SampleService\SampleService.csproj", "{F668676B-A8DD-48DF-A750-16E802A9C325}"
EndProject
Project("{FAE04EC0-301F-11D3-BF4B-00C04F79EFBC}") = "WinUserManagementTest", "WinUserManagementTest\WinUserManagementTest.csproj", "{A316AA11-C40A-4B40-A855-3597209E22FB}"
EndProject
Project("{FAE04EC0-301F-11D3-BF4B-00C04F79EFBC}") = "InstallerSample", "InstallerSample\InstallerSample.csproj", "{A896730E-220D-413A-BA70-08FA59182BE7}"
EndProject
Project("{FAE04EC0-301F-11D3-BF4B-00C04F79EFBC}") = "ServiceInstallerTest", "ServiceInstallerTest\ServiceInstallerTest.csproj", "{C1555CA3-373E-4D8A-9C60-606FCD795AB1}"
EndProject
Project("{FAE04EC0-301F-11D3-BF4B-00C04F79EFBC}") = "WinUserLogOffTest", "WinUserLogOffTest\WinUserLogOffTest.csproj", "{A963993C-447D-49AF-9F4B-5BB0F53E5590}"
EndProject
Project("{9A19103F-16F7-4668-BE54-9A1E7A4F7556}") = "CommonTests", "CommonTests\CommonTests.csproj", "{2369566F-93EF-4631-B93D-EFA30DFD61D9}"
EndProject
Project("{FAE04EC0-301F-11D3-BF4B-00C04F79EFBC}") = "Serilogger", "Serilogger\Serilogger.csproj", "{38E9DECD-3F85-49CF-8A78-633CDF4EBC9E}"
EndProject
Project("{FAE04EC0-301F-11D3-BF4B-00C04F79EFBC}") = "ToolChecker", "ToolChecker\ToolChecker.csproj", "{11A76F5A-1BBB-477C-8C3D-BC66035C8E06}"
EndProject
Project("{FAE04EC0-301F-11D3-BF4B-00C04F79EFBC}") = "Tensible", "Tensible\Tensible.csproj", "{3E42DA6C-2E28-4400-A1EB-E046A10C05A7}"
EndProject
Project("{FAE04EC0-301F-11D3-BF4B-00C04F79EFBC}") = "Common.Net", "Common.Net\Common.Net.csproj", "{B564AA85-C85E-44A9-8D0F-D5F22CECF199}"
EndProject
Project("{FAE04EC0-301F-11D3-BF4B-00C04F79EFBC}") = "Common.Serialization", "Common.Serialization\Common.Serialization.csproj", "{9B52D22C-E412-48FE-8544-77FE742B61B9}"
EndProject
Project("{FAE04EC0-301F-11D3-BF4B-00C04F79EFBC}") = "Common.Localization", "Common.Localization\Common.Localization.csproj", "{51A8F89B-689A-4F15-B250-01C943630838}"
EndProject
Project("{FAE04EC0-301F-11D3-BF4B-00C04F79EFBC}") = "Common.ConfigProvider", "Common.ConfigProvider\Common.ConfigProvider.csproj", "{2E5DA9E9-CCD9-4E4F-A841-706393E59EAA}"
EndProject
Project("{FAE04EC0-301F-11D3-BF4B-00C04F79EFBC}") = "ToolManager", "ToolManager\ToolManager.csproj", "{B04124BA-1758-4AA2-8D3C-9BC0FB9C0E33}"
EndProject
Project("{FAE04EC0-301F-11D3-BF4B-00C04F79EFBC}") = "Common.FileHelpers", "Common.FileHelpers\Common.FileHelpers.csproj", "{BC9538D2-5B2E-487C-948D-E78BC2EE31BF}"
EndProject
Project("{FAE04EC0-301F-11D3-BF4B-00C04F79EFBC}") = "Common.RegistryHelpers", "Common.RegistryHelpers\Common.RegistryHelpers.csproj", "{FEAF253A-A8B4-45DE-A0DB-F009B86F1734}"
EndProject
Project("{FAE04EC0-301F-11D3-BF4B-00C04F79EFBC}") = "Common.AvHelper", "Common.AvHelper\Common.AvHelper.csproj", "{7B636AED-AA0B-4B93-B47A-F46C197F0356}"
EndProject
Project("{FAE04EC0-301F-11D3-BF4B-00C04F79EFBC}") = "Common", "Common\Common.csproj", "{59DB54E9-A91D-469F-9AD4-8252BC748DA1}"
EndProject
Project("{FAE04EC0-301F-11D3-BF4B-00C04F79EFBC}") = "Common.ServiceHelpers", "Common.ServiceHelpers\Common.ServiceHelpers.csproj", "{AE36D533-FC41-4EED-9770-85204CBC3894}"
EndProject
Project("{FAE04EC0-301F-11D3-BF4B-00C04F79EFBC}") = "ConsoleMenu", "ConsoleMenu\ConsoleMenu.csproj", "{55E7DE4A-BF34-48B4-9187-78714DEF1C0C}"
EndProject
Global
	GlobalSection(SolutionConfigurationPlatforms) = preSolution
		Debug|Any CPU = Debug|Any CPU
		Debug|ARM64 = Debug|ARM64
		Debug|x64 = Debug|x64
		Debug|x86 = Debug|x86
		Release|Any CPU = Release|Any CPU
		Release|ARM64 = Release|ARM64
		Release|x64 = Release|x64
		Release|x86 = Release|x86
	EndGlobalSection
	GlobalSection(ProjectConfigurationPlatforms) = postSolution
		{394CF89F-9841-4EDA-8E68-43D0914ACFC8}.Debug|Any CPU.ActiveCfg = Debug|Any CPU
		{394CF89F-9841-4EDA-8E68-43D0914ACFC8}.Debug|Any CPU.Build.0 = Debug|Any CPU
		{394CF89F-9841-4EDA-8E68-43D0914ACFC8}.Debug|ARM64.ActiveCfg = Debug|Any CPU
		{394CF89F-9841-4EDA-8E68-43D0914ACFC8}.Debug|ARM64.Build.0 = Debug|Any CPU
		{394CF89F-9841-4EDA-8E68-43D0914ACFC8}.Debug|x64.ActiveCfg = Debug|Any CPU
		{394CF89F-9841-4EDA-8E68-43D0914ACFC8}.Debug|x64.Build.0 = Debug|Any CPU
		{394CF89F-9841-4EDA-8E68-43D0914ACFC8}.Debug|x86.ActiveCfg = Debug|Any CPU
		{394CF89F-9841-4EDA-8E68-43D0914ACFC8}.Debug|x86.Build.0 = Debug|Any CPU
		{394CF89F-9841-4EDA-8E68-43D0914ACFC8}.Release|Any CPU.ActiveCfg = Release|Any CPU
		{394CF89F-9841-4EDA-8E68-43D0914ACFC8}.Release|Any CPU.Build.0 = Release|Any CPU
		{394CF89F-9841-4EDA-8E68-43D0914ACFC8}.Release|ARM64.ActiveCfg = Release|Any CPU
		{394CF89F-9841-4EDA-8E68-43D0914ACFC8}.Release|ARM64.Build.0 = Release|Any CPU
		{394CF89F-9841-4EDA-8E68-43D0914ACFC8}.Release|x64.ActiveCfg = Release|Any CPU
		{394CF89F-9841-4EDA-8E68-43D0914ACFC8}.Release|x64.Build.0 = Release|Any CPU
		{394CF89F-9841-4EDA-8E68-43D0914ACFC8}.Release|x86.ActiveCfg = Release|Any CPU
		{394CF89F-9841-4EDA-8E68-43D0914ACFC8}.Release|x86.Build.0 = Release|Any CPU
		{0A9DF203-D636-4FA7-AAD6-6E508135C20B}.Debug|Any CPU.ActiveCfg = Debug|Any CPU
		{0A9DF203-D636-4FA7-AAD6-6E508135C20B}.Debug|Any CPU.Build.0 = Debug|Any CPU
		{0A9DF203-D636-4FA7-AAD6-6E508135C20B}.Debug|ARM64.ActiveCfg = Debug|Any CPU
		{0A9DF203-D636-4FA7-AAD6-6E508135C20B}.Debug|ARM64.Build.0 = Debug|Any CPU
		{0A9DF203-D636-4FA7-AAD6-6E508135C20B}.Debug|x64.ActiveCfg = Debug|Any CPU
		{0A9DF203-D636-4FA7-AAD6-6E508135C20B}.Debug|x64.Build.0 = Debug|Any CPU
		{0A9DF203-D636-4FA7-AAD6-6E508135C20B}.Debug|x86.ActiveCfg = Debug|Any CPU
		{0A9DF203-D636-4FA7-AAD6-6E508135C20B}.Debug|x86.Build.0 = Debug|Any CPU
		{0A9DF203-D636-4FA7-AAD6-6E508135C20B}.Release|Any CPU.ActiveCfg = Release|Any CPU
		{0A9DF203-D636-4FA7-AAD6-6E508135C20B}.Release|Any CPU.Build.0 = Release|Any CPU
		{0A9DF203-D636-4FA7-AAD6-6E508135C20B}.Release|ARM64.ActiveCfg = Release|Any CPU
		{0A9DF203-D636-4FA7-AAD6-6E508135C20B}.Release|ARM64.Build.0 = Release|Any CPU
		{0A9DF203-D636-4FA7-AAD6-6E508135C20B}.Release|x64.ActiveCfg = Release|Any CPU
		{0A9DF203-D636-4FA7-AAD6-6E508135C20B}.Release|x64.Build.0 = Release|Any CPU
		{0A9DF203-D636-4FA7-AAD6-6E508135C20B}.Release|x86.ActiveCfg = Release|Any CPU
		{0A9DF203-D636-4FA7-AAD6-6E508135C20B}.Release|x86.Build.0 = Release|Any CPU
		{B5DD4FCE-0C5E-4013-BA67-C8C3E994E77E}.Debug|Any CPU.ActiveCfg = Debug|Any CPU
		{B5DD4FCE-0C5E-4013-BA67-C8C3E994E77E}.Debug|Any CPU.Build.0 = Debug|Any CPU
		{B5DD4FCE-0C5E-4013-BA67-C8C3E994E77E}.Debug|ARM64.ActiveCfg = Debug|Any CPU
		{B5DD4FCE-0C5E-4013-BA67-C8C3E994E77E}.Debug|ARM64.Build.0 = Debug|Any CPU
		{B5DD4FCE-0C5E-4013-BA67-C8C3E994E77E}.Debug|x64.ActiveCfg = Debug|Any CPU
		{B5DD4FCE-0C5E-4013-BA67-C8C3E994E77E}.Debug|x64.Build.0 = Debug|Any CPU
		{B5DD4FCE-0C5E-4013-BA67-C8C3E994E77E}.Debug|x86.ActiveCfg = Debug|Any CPU
		{B5DD4FCE-0C5E-4013-BA67-C8C3E994E77E}.Debug|x86.Build.0 = Debug|Any CPU
		{B5DD4FCE-0C5E-4013-BA67-C8C3E994E77E}.Release|Any CPU.ActiveCfg = Release|Any CPU
		{B5DD4FCE-0C5E-4013-BA67-C8C3E994E77E}.Release|Any CPU.Build.0 = Release|Any CPU
		{B5DD4FCE-0C5E-4013-BA67-C8C3E994E77E}.Release|ARM64.ActiveCfg = Release|Any CPU
		{B5DD4FCE-0C5E-4013-BA67-C8C3E994E77E}.Release|ARM64.Build.0 = Release|Any CPU
		{B5DD4FCE-0C5E-4013-BA67-C8C3E994E77E}.Release|x64.ActiveCfg = Release|Any CPU
		{B5DD4FCE-0C5E-4013-BA67-C8C3E994E77E}.Release|x64.Build.0 = Release|Any CPU
		{B5DD4FCE-0C5E-4013-BA67-C8C3E994E77E}.Release|x86.ActiveCfg = Release|Any CPU
		{B5DD4FCE-0C5E-4013-BA67-C8C3E994E77E}.Release|x86.Build.0 = Release|Any CPU
		{381D536C-BC07-4A4B-97F2-59A02EDCF711}.Debug|Any CPU.ActiveCfg = Debug|Any CPU
		{381D536C-BC07-4A4B-97F2-59A02EDCF711}.Debug|Any CPU.Build.0 = Debug|Any CPU
		{381D536C-BC07-4A4B-97F2-59A02EDCF711}.Debug|ARM64.ActiveCfg = Debug|Any CPU
		{381D536C-BC07-4A4B-97F2-59A02EDCF711}.Debug|ARM64.Build.0 = Debug|Any CPU
		{381D536C-BC07-4A4B-97F2-59A02EDCF711}.Debug|x64.ActiveCfg = Debug|Any CPU
		{381D536C-BC07-4A4B-97F2-59A02EDCF711}.Debug|x64.Build.0 = Debug|Any CPU
		{381D536C-BC07-4A4B-97F2-59A02EDCF711}.Debug|x86.ActiveCfg = Debug|Any CPU
		{381D536C-BC07-4A4B-97F2-59A02EDCF711}.Debug|x86.Build.0 = Debug|Any CPU
		{381D536C-BC07-4A4B-97F2-59A02EDCF711}.Release|Any CPU.ActiveCfg = Release|Any CPU
		{381D536C-BC07-4A4B-97F2-59A02EDCF711}.Release|Any CPU.Build.0 = Release|Any CPU
		{381D536C-BC07-4A4B-97F2-59A02EDCF711}.Release|ARM64.ActiveCfg = Release|Any CPU
		{381D536C-BC07-4A4B-97F2-59A02EDCF711}.Release|ARM64.Build.0 = Release|Any CPU
		{381D536C-BC07-4A4B-97F2-59A02EDCF711}.Release|x64.ActiveCfg = Release|Any CPU
		{381D536C-BC07-4A4B-97F2-59A02EDCF711}.Release|x64.Build.0 = Release|Any CPU
		{381D536C-BC07-4A4B-97F2-59A02EDCF711}.Release|x86.ActiveCfg = Release|Any CPU
		{381D536C-BC07-4A4B-97F2-59A02EDCF711}.Release|x86.Build.0 = Release|Any CPU
		{4E152C66-8756-4049-B259-F57785ED6A95}.Debug|Any CPU.ActiveCfg = Debug|Any CPU
		{4E152C66-8756-4049-B259-F57785ED6A95}.Debug|Any CPU.Build.0 = Debug|Any CPU
		{4E152C66-8756-4049-B259-F57785ED6A95}.Debug|ARM64.ActiveCfg = Debug|Any CPU
		{4E152C66-8756-4049-B259-F57785ED6A95}.Debug|ARM64.Build.0 = Debug|Any CPU
		{4E152C66-8756-4049-B259-F57785ED6A95}.Debug|x64.ActiveCfg = Debug|Any CPU
		{4E152C66-8756-4049-B259-F57785ED6A95}.Debug|x64.Build.0 = Debug|Any CPU
		{4E152C66-8756-4049-B259-F57785ED6A95}.Debug|x86.ActiveCfg = Debug|Any CPU
		{4E152C66-8756-4049-B259-F57785ED6A95}.Debug|x86.Build.0 = Debug|Any CPU
		{4E152C66-8756-4049-B259-F57785ED6A95}.Release|Any CPU.ActiveCfg = Release|Any CPU
		{4E152C66-8756-4049-B259-F57785ED6A95}.Release|Any CPU.Build.0 = Release|Any CPU
		{4E152C66-8756-4049-B259-F57785ED6A95}.Release|ARM64.ActiveCfg = Release|Any CPU
		{4E152C66-8756-4049-B259-F57785ED6A95}.Release|ARM64.Build.0 = Release|Any CPU
		{4E152C66-8756-4049-B259-F57785ED6A95}.Release|x64.ActiveCfg = Release|Any CPU
		{4E152C66-8756-4049-B259-F57785ED6A95}.Release|x64.Build.0 = Release|Any CPU
		{4E152C66-8756-4049-B259-F57785ED6A95}.Release|x86.ActiveCfg = Release|Any CPU
		{4E152C66-8756-4049-B259-F57785ED6A95}.Release|x86.Build.0 = Release|Any CPU
		{723D755F-B19A-4DC2-B75D-B9FFD6252AD8}.Debug|Any CPU.ActiveCfg = Debug|Any CPU
		{723D755F-B19A-4DC2-B75D-B9FFD6252AD8}.Debug|Any CPU.Build.0 = Debug|Any CPU
		{723D755F-B19A-4DC2-B75D-B9FFD6252AD8}.Debug|ARM64.ActiveCfg = Debug|Any CPU
		{723D755F-B19A-4DC2-B75D-B9FFD6252AD8}.Debug|ARM64.Build.0 = Debug|Any CPU
		{723D755F-B19A-4DC2-B75D-B9FFD6252AD8}.Debug|x64.ActiveCfg = Debug|Any CPU
		{723D755F-B19A-4DC2-B75D-B9FFD6252AD8}.Debug|x64.Build.0 = Debug|Any CPU
		{723D755F-B19A-4DC2-B75D-B9FFD6252AD8}.Debug|x86.ActiveCfg = Debug|Any CPU
		{723D755F-B19A-4DC2-B75D-B9FFD6252AD8}.Debug|x86.Build.0 = Debug|Any CPU
		{723D755F-B19A-4DC2-B75D-B9FFD6252AD8}.Release|Any CPU.ActiveCfg = Release|Any CPU
		{723D755F-B19A-4DC2-B75D-B9FFD6252AD8}.Release|Any CPU.Build.0 = Release|Any CPU
		{723D755F-B19A-4DC2-B75D-B9FFD6252AD8}.Release|ARM64.ActiveCfg = Release|Any CPU
		{723D755F-B19A-4DC2-B75D-B9FFD6252AD8}.Release|ARM64.Build.0 = Release|Any CPU
		{723D755F-B19A-4DC2-B75D-B9FFD6252AD8}.Release|x64.ActiveCfg = Release|Any CPU
		{723D755F-B19A-4DC2-B75D-B9FFD6252AD8}.Release|x64.Build.0 = Release|Any CPU
		{723D755F-B19A-4DC2-B75D-B9FFD6252AD8}.Release|x86.ActiveCfg = Release|Any CPU
		{723D755F-B19A-4DC2-B75D-B9FFD6252AD8}.Release|x86.Build.0 = Release|Any CPU
		{CBEDC414-1E71-4C30-8287-9FB7DCAFC24C}.Debug|Any CPU.ActiveCfg = Debug|Any CPU
		{CBEDC414-1E71-4C30-8287-9FB7DCAFC24C}.Debug|Any CPU.Build.0 = Debug|Any CPU
		{CBEDC414-1E71-4C30-8287-9FB7DCAFC24C}.Debug|ARM64.ActiveCfg = Debug|Any CPU
		{CBEDC414-1E71-4C30-8287-9FB7DCAFC24C}.Debug|ARM64.Build.0 = Debug|Any CPU
		{CBEDC414-1E71-4C30-8287-9FB7DCAFC24C}.Debug|x64.ActiveCfg = Debug|Any CPU
		{CBEDC414-1E71-4C30-8287-9FB7DCAFC24C}.Debug|x64.Build.0 = Debug|Any CPU
		{CBEDC414-1E71-4C30-8287-9FB7DCAFC24C}.Debug|x86.ActiveCfg = Debug|Any CPU
		{CBEDC414-1E71-4C30-8287-9FB7DCAFC24C}.Debug|x86.Build.0 = Debug|Any CPU
		{CBEDC414-1E71-4C30-8287-9FB7DCAFC24C}.Release|Any CPU.ActiveCfg = Release|Any CPU
		{CBEDC414-1E71-4C30-8287-9FB7DCAFC24C}.Release|Any CPU.Build.0 = Release|Any CPU
		{CBEDC414-1E71-4C30-8287-9FB7DCAFC24C}.Release|ARM64.ActiveCfg = Release|Any CPU
		{CBEDC414-1E71-4C30-8287-9FB7DCAFC24C}.Release|ARM64.Build.0 = Release|Any CPU
		{CBEDC414-1E71-4C30-8287-9FB7DCAFC24C}.Release|x64.ActiveCfg = Release|Any CPU
		{CBEDC414-1E71-4C30-8287-9FB7DCAFC24C}.Release|x64.Build.0 = Release|Any CPU
		{CBEDC414-1E71-4C30-8287-9FB7DCAFC24C}.Release|x86.ActiveCfg = Release|Any CPU
		{CBEDC414-1E71-4C30-8287-9FB7DCAFC24C}.Release|x86.Build.0 = Release|Any CPU
		{F668676B-A8DD-48DF-A750-16E802A9C325}.Debug|Any CPU.ActiveCfg = Debug|Any CPU
		{F668676B-A8DD-48DF-A750-16E802A9C325}.Debug|Any CPU.Build.0 = Debug|Any CPU
		{F668676B-A8DD-48DF-A750-16E802A9C325}.Debug|ARM64.ActiveCfg = Debug|Any CPU
		{F668676B-A8DD-48DF-A750-16E802A9C325}.Debug|ARM64.Build.0 = Debug|Any CPU
		{F668676B-A8DD-48DF-A750-16E802A9C325}.Debug|x64.ActiveCfg = Debug|Any CPU
		{F668676B-A8DD-48DF-A750-16E802A9C325}.Debug|x64.Build.0 = Debug|Any CPU
		{F668676B-A8DD-48DF-A750-16E802A9C325}.Debug|x86.ActiveCfg = Debug|Any CPU
		{F668676B-A8DD-48DF-A750-16E802A9C325}.Debug|x86.Build.0 = Debug|Any CPU
		{F668676B-A8DD-48DF-A750-16E802A9C325}.Release|Any CPU.ActiveCfg = Release|Any CPU
		{F668676B-A8DD-48DF-A750-16E802A9C325}.Release|Any CPU.Build.0 = Release|Any CPU
		{F668676B-A8DD-48DF-A750-16E802A9C325}.Release|ARM64.ActiveCfg = Release|Any CPU
		{F668676B-A8DD-48DF-A750-16E802A9C325}.Release|ARM64.Build.0 = Release|Any CPU
		{F668676B-A8DD-48DF-A750-16E802A9C325}.Release|x64.ActiveCfg = Release|Any CPU
		{F668676B-A8DD-48DF-A750-16E802A9C325}.Release|x64.Build.0 = Release|Any CPU
		{F668676B-A8DD-48DF-A750-16E802A9C325}.Release|x86.ActiveCfg = Release|Any CPU
		{F668676B-A8DD-48DF-A750-16E802A9C325}.Release|x86.Build.0 = Release|Any CPU
		{A316AA11-C40A-4B40-A855-3597209E22FB}.Debug|Any CPU.ActiveCfg = Debug|Any CPU
		{A316AA11-C40A-4B40-A855-3597209E22FB}.Debug|Any CPU.Build.0 = Debug|Any CPU
		{A316AA11-C40A-4B40-A855-3597209E22FB}.Debug|ARM64.ActiveCfg = Debug|Any CPU
		{A316AA11-C40A-4B40-A855-3597209E22FB}.Debug|ARM64.Build.0 = Debug|Any CPU
		{A316AA11-C40A-4B40-A855-3597209E22FB}.Debug|x64.ActiveCfg = Debug|Any CPU
		{A316AA11-C40A-4B40-A855-3597209E22FB}.Debug|x64.Build.0 = Debug|Any CPU
		{A316AA11-C40A-4B40-A855-3597209E22FB}.Debug|x86.ActiveCfg = Debug|Any CPU
		{A316AA11-C40A-4B40-A855-3597209E22FB}.Debug|x86.Build.0 = Debug|Any CPU
		{A316AA11-C40A-4B40-A855-3597209E22FB}.Release|Any CPU.ActiveCfg = Release|Any CPU
		{A316AA11-C40A-4B40-A855-3597209E22FB}.Release|Any CPU.Build.0 = Release|Any CPU
		{A316AA11-C40A-4B40-A855-3597209E22FB}.Release|ARM64.ActiveCfg = Release|Any CPU
		{A316AA11-C40A-4B40-A855-3597209E22FB}.Release|ARM64.Build.0 = Release|Any CPU
		{A316AA11-C40A-4B40-A855-3597209E22FB}.Release|x64.ActiveCfg = Release|Any CPU
		{A316AA11-C40A-4B40-A855-3597209E22FB}.Release|x64.Build.0 = Release|Any CPU
		{A316AA11-C40A-4B40-A855-3597209E22FB}.Release|x86.ActiveCfg = Release|Any CPU
		{A316AA11-C40A-4B40-A855-3597209E22FB}.Release|x86.Build.0 = Release|Any CPU
		{A896730E-220D-413A-BA70-08FA59182BE7}.Debug|Any CPU.ActiveCfg = Debug|Any CPU
		{A896730E-220D-413A-BA70-08FA59182BE7}.Debug|Any CPU.Build.0 = Debug|Any CPU
		{A896730E-220D-413A-BA70-08FA59182BE7}.Debug|ARM64.ActiveCfg = Debug|Any CPU
		{A896730E-220D-413A-BA70-08FA59182BE7}.Debug|ARM64.Build.0 = Debug|Any CPU
		{A896730E-220D-413A-BA70-08FA59182BE7}.Debug|x64.ActiveCfg = Debug|Any CPU
		{A896730E-220D-413A-BA70-08FA59182BE7}.Debug|x64.Build.0 = Debug|Any CPU
		{A896730E-220D-413A-BA70-08FA59182BE7}.Debug|x86.ActiveCfg = Debug|Any CPU
		{A896730E-220D-413A-BA70-08FA59182BE7}.Debug|x86.Build.0 = Debug|Any CPU
		{A896730E-220D-413A-BA70-08FA59182BE7}.Release|Any CPU.ActiveCfg = Release|Any CPU
		{A896730E-220D-413A-BA70-08FA59182BE7}.Release|Any CPU.Build.0 = Release|Any CPU
		{A896730E-220D-413A-BA70-08FA59182BE7}.Release|ARM64.ActiveCfg = Release|Any CPU
		{A896730E-220D-413A-BA70-08FA59182BE7}.Release|ARM64.Build.0 = Release|Any CPU
		{A896730E-220D-413A-BA70-08FA59182BE7}.Release|x64.ActiveCfg = Release|Any CPU
		{A896730E-220D-413A-BA70-08FA59182BE7}.Release|x64.Build.0 = Release|Any CPU
		{A896730E-220D-413A-BA70-08FA59182BE7}.Release|x86.ActiveCfg = Release|Any CPU
		{A896730E-220D-413A-BA70-08FA59182BE7}.Release|x86.Build.0 = Release|Any CPU
		{C1555CA3-373E-4D8A-9C60-606FCD795AB1}.Debug|Any CPU.ActiveCfg = Debug|Any CPU
		{C1555CA3-373E-4D8A-9C60-606FCD795AB1}.Debug|Any CPU.Build.0 = Debug|Any CPU
		{C1555CA3-373E-4D8A-9C60-606FCD795AB1}.Debug|ARM64.ActiveCfg = Debug|Any CPU
		{C1555CA3-373E-4D8A-9C60-606FCD795AB1}.Debug|ARM64.Build.0 = Debug|Any CPU
		{C1555CA3-373E-4D8A-9C60-606FCD795AB1}.Debug|x64.ActiveCfg = Debug|Any CPU
		{C1555CA3-373E-4D8A-9C60-606FCD795AB1}.Debug|x64.Build.0 = Debug|Any CPU
		{C1555CA3-373E-4D8A-9C60-606FCD795AB1}.Debug|x86.ActiveCfg = Debug|Any CPU
		{C1555CA3-373E-4D8A-9C60-606FCD795AB1}.Debug|x86.Build.0 = Debug|Any CPU
		{C1555CA3-373E-4D8A-9C60-606FCD795AB1}.Release|Any CPU.ActiveCfg = Release|Any CPU
		{C1555CA3-373E-4D8A-9C60-606FCD795AB1}.Release|Any CPU.Build.0 = Release|Any CPU
		{C1555CA3-373E-4D8A-9C60-606FCD795AB1}.Release|ARM64.ActiveCfg = Release|Any CPU
		{C1555CA3-373E-4D8A-9C60-606FCD795AB1}.Release|ARM64.Build.0 = Release|Any CPU
		{C1555CA3-373E-4D8A-9C60-606FCD795AB1}.Release|x64.ActiveCfg = Release|Any CPU
		{C1555CA3-373E-4D8A-9C60-606FCD795AB1}.Release|x64.Build.0 = Release|Any CPU
		{C1555CA3-373E-4D8A-9C60-606FCD795AB1}.Release|x86.ActiveCfg = Release|Any CPU
		{C1555CA3-373E-4D8A-9C60-606FCD795AB1}.Release|x86.Build.0 = Release|Any CPU
		{A963993C-447D-49AF-9F4B-5BB0F53E5590}.Debug|Any CPU.ActiveCfg = Debug|Any CPU
		{A963993C-447D-49AF-9F4B-5BB0F53E5590}.Debug|Any CPU.Build.0 = Debug|Any CPU
		{A963993C-447D-49AF-9F4B-5BB0F53E5590}.Debug|ARM64.ActiveCfg = Debug|Any CPU
		{A963993C-447D-49AF-9F4B-5BB0F53E5590}.Debug|ARM64.Build.0 = Debug|Any CPU
		{A963993C-447D-49AF-9F4B-5BB0F53E5590}.Debug|x64.ActiveCfg = Debug|Any CPU
		{A963993C-447D-49AF-9F4B-5BB0F53E5590}.Debug|x64.Build.0 = Debug|Any CPU
		{A963993C-447D-49AF-9F4B-5BB0F53E5590}.Debug|x86.ActiveCfg = Debug|Any CPU
		{A963993C-447D-49AF-9F4B-5BB0F53E5590}.Debug|x86.Build.0 = Debug|Any CPU
		{A963993C-447D-49AF-9F4B-5BB0F53E5590}.Release|Any CPU.ActiveCfg = Release|Any CPU
		{A963993C-447D-49AF-9F4B-5BB0F53E5590}.Release|Any CPU.Build.0 = Release|Any CPU
		{A963993C-447D-49AF-9F4B-5BB0F53E5590}.Release|ARM64.ActiveCfg = Release|Any CPU
		{A963993C-447D-49AF-9F4B-5BB0F53E5590}.Release|ARM64.Build.0 = Release|Any CPU
		{A963993C-447D-49AF-9F4B-5BB0F53E5590}.Release|x64.ActiveCfg = Release|Any CPU
		{A963993C-447D-49AF-9F4B-5BB0F53E5590}.Release|x64.Build.0 = Release|Any CPU
		{A963993C-447D-49AF-9F4B-5BB0F53E5590}.Release|x86.ActiveCfg = Release|Any CPU
		{A963993C-447D-49AF-9F4B-5BB0F53E5590}.Release|x86.Build.0 = Release|Any CPU
		{2369566F-93EF-4631-B93D-EFA30DFD61D9}.Debug|Any CPU.ActiveCfg = Debug|Any CPU
		{2369566F-93EF-4631-B93D-EFA30DFD61D9}.Debug|Any CPU.Build.0 = Debug|Any CPU
		{2369566F-93EF-4631-B93D-EFA30DFD61D9}.Debug|ARM64.ActiveCfg = Debug|Any CPU
		{2369566F-93EF-4631-B93D-EFA30DFD61D9}.Debug|ARM64.Build.0 = Debug|Any CPU
		{2369566F-93EF-4631-B93D-EFA30DFD61D9}.Debug|x64.ActiveCfg = Debug|Any CPU
		{2369566F-93EF-4631-B93D-EFA30DFD61D9}.Debug|x64.Build.0 = Debug|Any CPU
		{2369566F-93EF-4631-B93D-EFA30DFD61D9}.Debug|x86.ActiveCfg = Debug|Any CPU
		{2369566F-93EF-4631-B93D-EFA30DFD61D9}.Debug|x86.Build.0 = Debug|Any CPU
		{2369566F-93EF-4631-B93D-EFA30DFD61D9}.Release|Any CPU.ActiveCfg = Release|Any CPU
		{2369566F-93EF-4631-B93D-EFA30DFD61D9}.Release|Any CPU.Build.0 = Release|Any CPU
		{2369566F-93EF-4631-B93D-EFA30DFD61D9}.Release|ARM64.ActiveCfg = Release|Any CPU
		{2369566F-93EF-4631-B93D-EFA30DFD61D9}.Release|ARM64.Build.0 = Release|Any CPU
		{2369566F-93EF-4631-B93D-EFA30DFD61D9}.Release|x64.ActiveCfg = Release|Any CPU
		{2369566F-93EF-4631-B93D-EFA30DFD61D9}.Release|x64.Build.0 = Release|Any CPU
		{2369566F-93EF-4631-B93D-EFA30DFD61D9}.Release|x86.ActiveCfg = Release|Any CPU
		{2369566F-93EF-4631-B93D-EFA30DFD61D9}.Release|x86.Build.0 = Release|Any CPU
		{38E9DECD-3F85-49CF-8A78-633CDF4EBC9E}.Debug|Any CPU.ActiveCfg = Debug|Any CPU
		{38E9DECD-3F85-49CF-8A78-633CDF4EBC9E}.Debug|Any CPU.Build.0 = Debug|Any CPU
		{38E9DECD-3F85-49CF-8A78-633CDF4EBC9E}.Debug|ARM64.ActiveCfg = Debug|Any CPU
		{38E9DECD-3F85-49CF-8A78-633CDF4EBC9E}.Debug|ARM64.Build.0 = Debug|Any CPU
		{38E9DECD-3F85-49CF-8A78-633CDF4EBC9E}.Debug|x64.ActiveCfg = Debug|Any CPU
		{38E9DECD-3F85-49CF-8A78-633CDF4EBC9E}.Debug|x64.Build.0 = Debug|Any CPU
		{38E9DECD-3F85-49CF-8A78-633CDF4EBC9E}.Debug|x86.ActiveCfg = Debug|Any CPU
		{38E9DECD-3F85-49CF-8A78-633CDF4EBC9E}.Debug|x86.Build.0 = Debug|Any CPU
		{38E9DECD-3F85-49CF-8A78-633CDF4EBC9E}.Release|Any CPU.ActiveCfg = Release|Any CPU
		{38E9DECD-3F85-49CF-8A78-633CDF4EBC9E}.Release|Any CPU.Build.0 = Release|Any CPU
		{38E9DECD-3F85-49CF-8A78-633CDF4EBC9E}.Release|ARM64.ActiveCfg = Release|Any CPU
		{38E9DECD-3F85-49CF-8A78-633CDF4EBC9E}.Release|ARM64.Build.0 = Release|Any CPU
		{38E9DECD-3F85-49CF-8A78-633CDF4EBC9E}.Release|x64.ActiveCfg = Release|Any CPU
		{38E9DECD-3F85-49CF-8A78-633CDF4EBC9E}.Release|x64.Build.0 = Release|Any CPU
		{38E9DECD-3F85-49CF-8A78-633CDF4EBC9E}.Release|x86.ActiveCfg = Release|Any CPU
		{38E9DECD-3F85-49CF-8A78-633CDF4EBC9E}.Release|x86.Build.0 = Release|Any CPU
		{11A76F5A-1BBB-477C-8C3D-BC66035C8E06}.Debug|Any CPU.ActiveCfg = Debug|Any CPU
		{11A76F5A-1BBB-477C-8C3D-BC66035C8E06}.Debug|Any CPU.Build.0 = Debug|Any CPU
		{11A76F5A-1BBB-477C-8C3D-BC66035C8E06}.Debug|ARM64.ActiveCfg = Debug|Any CPU
		{11A76F5A-1BBB-477C-8C3D-BC66035C8E06}.Debug|ARM64.Build.0 = Debug|Any CPU
		{11A76F5A-1BBB-477C-8C3D-BC66035C8E06}.Debug|x64.ActiveCfg = Debug|Any CPU
		{11A76F5A-1BBB-477C-8C3D-BC66035C8E06}.Debug|x64.Build.0 = Debug|Any CPU
		{11A76F5A-1BBB-477C-8C3D-BC66035C8E06}.Debug|x86.ActiveCfg = Debug|Any CPU
		{11A76F5A-1BBB-477C-8C3D-BC66035C8E06}.Debug|x86.Build.0 = Debug|Any CPU
		{11A76F5A-1BBB-477C-8C3D-BC66035C8E06}.Release|Any CPU.ActiveCfg = Release|Any CPU
		{11A76F5A-1BBB-477C-8C3D-BC66035C8E06}.Release|Any CPU.Build.0 = Release|Any CPU
		{11A76F5A-1BBB-477C-8C3D-BC66035C8E06}.Release|ARM64.ActiveCfg = Release|Any CPU
		{11A76F5A-1BBB-477C-8C3D-BC66035C8E06}.Release|ARM64.Build.0 = Release|Any CPU
		{11A76F5A-1BBB-477C-8C3D-BC66035C8E06}.Release|x64.ActiveCfg = Release|Any CPU
		{11A76F5A-1BBB-477C-8C3D-BC66035C8E06}.Release|x64.Build.0 = Release|Any CPU
		{11A76F5A-1BBB-477C-8C3D-BC66035C8E06}.Release|x86.ActiveCfg = Release|Any CPU
		{11A76F5A-1BBB-477C-8C3D-BC66035C8E06}.Release|x86.Build.0 = Release|Any CPU
		{3E42DA6C-2E28-4400-A1EB-E046A10C05A7}.Debug|Any CPU.ActiveCfg = Debug|Any CPU
		{3E42DA6C-2E28-4400-A1EB-E046A10C05A7}.Debug|Any CPU.Build.0 = Debug|Any CPU
		{3E42DA6C-2E28-4400-A1EB-E046A10C05A7}.Debug|ARM64.ActiveCfg = Debug|Any CPU
		{3E42DA6C-2E28-4400-A1EB-E046A10C05A7}.Debug|ARM64.Build.0 = Debug|Any CPU
		{3E42DA6C-2E28-4400-A1EB-E046A10C05A7}.Debug|x64.ActiveCfg = Debug|Any CPU
		{3E42DA6C-2E28-4400-A1EB-E046A10C05A7}.Debug|x64.Build.0 = Debug|Any CPU
		{3E42DA6C-2E28-4400-A1EB-E046A10C05A7}.Debug|x86.ActiveCfg = Debug|Any CPU
		{3E42DA6C-2E28-4400-A1EB-E046A10C05A7}.Debug|x86.Build.0 = Debug|Any CPU
		{3E42DA6C-2E28-4400-A1EB-E046A10C05A7}.Release|Any CPU.ActiveCfg = Release|Any CPU
		{3E42DA6C-2E28-4400-A1EB-E046A10C05A7}.Release|Any CPU.Build.0 = Release|Any CPU
		{3E42DA6C-2E28-4400-A1EB-E046A10C05A7}.Release|ARM64.ActiveCfg = Release|Any CPU
		{3E42DA6C-2E28-4400-A1EB-E046A10C05A7}.Release|ARM64.Build.0 = Release|Any CPU
		{3E42DA6C-2E28-4400-A1EB-E046A10C05A7}.Release|x64.ActiveCfg = Release|Any CPU
		{3E42DA6C-2E28-4400-A1EB-E046A10C05A7}.Release|x64.Build.0 = Release|Any CPU
		{3E42DA6C-2E28-4400-A1EB-E046A10C05A7}.Release|x86.ActiveCfg = Release|Any CPU
		{3E42DA6C-2E28-4400-A1EB-E046A10C05A7}.Release|x86.Build.0 = Release|Any CPU
		{B564AA85-C85E-44A9-8D0F-D5F22CECF199}.Debug|Any CPU.ActiveCfg = Debug|Any CPU
		{B564AA85-C85E-44A9-8D0F-D5F22CECF199}.Debug|Any CPU.Build.0 = Debug|Any CPU
		{B564AA85-C85E-44A9-8D0F-D5F22CECF199}.Debug|ARM64.ActiveCfg = Debug|Any CPU
		{B564AA85-C85E-44A9-8D0F-D5F22CECF199}.Debug|ARM64.Build.0 = Debug|Any CPU
		{B564AA85-C85E-44A9-8D0F-D5F22CECF199}.Debug|x64.ActiveCfg = Debug|Any CPU
		{B564AA85-C85E-44A9-8D0F-D5F22CECF199}.Debug|x64.Build.0 = Debug|Any CPU
		{B564AA85-C85E-44A9-8D0F-D5F22CECF199}.Debug|x86.ActiveCfg = Debug|Any CPU
		{B564AA85-C85E-44A9-8D0F-D5F22CECF199}.Debug|x86.Build.0 = Debug|Any CPU
		{B564AA85-C85E-44A9-8D0F-D5F22CECF199}.Release|Any CPU.ActiveCfg = Release|Any CPU
		{B564AA85-C85E-44A9-8D0F-D5F22CECF199}.Release|Any CPU.Build.0 = Release|Any CPU
		{B564AA85-C85E-44A9-8D0F-D5F22CECF199}.Release|ARM64.ActiveCfg = Release|Any CPU
		{B564AA85-C85E-44A9-8D0F-D5F22CECF199}.Release|ARM64.Build.0 = Release|Any CPU
		{B564AA85-C85E-44A9-8D0F-D5F22CECF199}.Release|x64.ActiveCfg = Release|Any CPU
		{B564AA85-C85E-44A9-8D0F-D5F22CECF199}.Release|x64.Build.0 = Release|Any CPU
		{B564AA85-C85E-44A9-8D0F-D5F22CECF199}.Release|x86.ActiveCfg = Release|Any CPU
		{B564AA85-C85E-44A9-8D0F-D5F22CECF199}.Release|x86.Build.0 = Release|Any CPU
		{9B52D22C-E412-48FE-8544-77FE742B61B9}.Debug|Any CPU.ActiveCfg = Debug|Any CPU
		{9B52D22C-E412-48FE-8544-77FE742B61B9}.Debug|Any CPU.Build.0 = Debug|Any CPU
		{9B52D22C-E412-48FE-8544-77FE742B61B9}.Debug|ARM64.ActiveCfg = Debug|Any CPU
		{9B52D22C-E412-48FE-8544-77FE742B61B9}.Debug|ARM64.Build.0 = Debug|Any CPU
		{9B52D22C-E412-48FE-8544-77FE742B61B9}.Debug|x64.ActiveCfg = Debug|Any CPU
		{9B52D22C-E412-48FE-8544-77FE742B61B9}.Debug|x64.Build.0 = Debug|Any CPU
		{9B52D22C-E412-48FE-8544-77FE742B61B9}.Debug|x86.ActiveCfg = Debug|Any CPU
		{9B52D22C-E412-48FE-8544-77FE742B61B9}.Debug|x86.Build.0 = Debug|Any CPU
		{9B52D22C-E412-48FE-8544-77FE742B61B9}.Release|Any CPU.ActiveCfg = Release|Any CPU
		{9B52D22C-E412-48FE-8544-77FE742B61B9}.Release|Any CPU.Build.0 = Release|Any CPU
		{9B52D22C-E412-48FE-8544-77FE742B61B9}.Release|ARM64.ActiveCfg = Release|Any CPU
		{9B52D22C-E412-48FE-8544-77FE742B61B9}.Release|ARM64.Build.0 = Release|Any CPU
		{9B52D22C-E412-48FE-8544-77FE742B61B9}.Release|x64.ActiveCfg = Release|Any CPU
		{9B52D22C-E412-48FE-8544-77FE742B61B9}.Release|x64.Build.0 = Release|Any CPU
		{9B52D22C-E412-48FE-8544-77FE742B61B9}.Release|x86.ActiveCfg = Release|Any CPU
		{9B52D22C-E412-48FE-8544-77FE742B61B9}.Release|x86.Build.0 = Release|Any CPU
		{51A8F89B-689A-4F15-B250-01C943630838}.Debug|Any CPU.ActiveCfg = Debug|Any CPU
		{51A8F89B-689A-4F15-B250-01C943630838}.Debug|Any CPU.Build.0 = Debug|Any CPU
		{51A8F89B-689A-4F15-B250-01C943630838}.Debug|ARM64.ActiveCfg = Debug|Any CPU
		{51A8F89B-689A-4F15-B250-01C943630838}.Debug|ARM64.Build.0 = Debug|Any CPU
		{51A8F89B-689A-4F15-B250-01C943630838}.Debug|x64.ActiveCfg = Debug|Any CPU
		{51A8F89B-689A-4F15-B250-01C943630838}.Debug|x64.Build.0 = Debug|Any CPU
		{51A8F89B-689A-4F15-B250-01C943630838}.Debug|x86.ActiveCfg = Debug|Any CPU
		{51A8F89B-689A-4F15-B250-01C943630838}.Debug|x86.Build.0 = Debug|Any CPU
		{51A8F89B-689A-4F15-B250-01C943630838}.Release|Any CPU.ActiveCfg = Release|Any CPU
		{51A8F89B-689A-4F15-B250-01C943630838}.Release|Any CPU.Build.0 = Release|Any CPU
		{51A8F89B-689A-4F15-B250-01C943630838}.Release|ARM64.ActiveCfg = Release|Any CPU
		{51A8F89B-689A-4F15-B250-01C943630838}.Release|ARM64.Build.0 = Release|Any CPU
		{51A8F89B-689A-4F15-B250-01C943630838}.Release|x64.ActiveCfg = Release|Any CPU
		{51A8F89B-689A-4F15-B250-01C943630838}.Release|x64.Build.0 = Release|Any CPU
		{51A8F89B-689A-4F15-B250-01C943630838}.Release|x86.ActiveCfg = Release|Any CPU
		{51A8F89B-689A-4F15-B250-01C943630838}.Release|x86.Build.0 = Release|Any CPU
		{2E5DA9E9-CCD9-4E4F-A841-706393E59EAA}.Debug|Any CPU.ActiveCfg = Debug|Any CPU
		{2E5DA9E9-CCD9-4E4F-A841-706393E59EAA}.Debug|Any CPU.Build.0 = Debug|Any CPU
		{2E5DA9E9-CCD9-4E4F-A841-706393E59EAA}.Debug|ARM64.ActiveCfg = Debug|Any CPU
		{2E5DA9E9-CCD9-4E4F-A841-706393E59EAA}.Debug|ARM64.Build.0 = Debug|Any CPU
		{2E5DA9E9-CCD9-4E4F-A841-706393E59EAA}.Debug|x64.ActiveCfg = Debug|Any CPU
		{2E5DA9E9-CCD9-4E4F-A841-706393E59EAA}.Debug|x64.Build.0 = Debug|Any CPU
		{2E5DA9E9-CCD9-4E4F-A841-706393E59EAA}.Debug|x86.ActiveCfg = Debug|Any CPU
		{2E5DA9E9-CCD9-4E4F-A841-706393E59EAA}.Debug|x86.Build.0 = Debug|Any CPU
		{2E5DA9E9-CCD9-4E4F-A841-706393E59EAA}.Release|Any CPU.ActiveCfg = Release|Any CPU
		{2E5DA9E9-CCD9-4E4F-A841-706393E59EAA}.Release|Any CPU.Build.0 = Release|Any CPU
		{2E5DA9E9-CCD9-4E4F-A841-706393E59EAA}.Release|ARM64.ActiveCfg = Release|Any CPU
		{2E5DA9E9-CCD9-4E4F-A841-706393E59EAA}.Release|ARM64.Build.0 = Release|Any CPU
		{2E5DA9E9-CCD9-4E4F-A841-706393E59EAA}.Release|x64.ActiveCfg = Release|Any CPU
		{2E5DA9E9-CCD9-4E4F-A841-706393E59EAA}.Release|x64.Build.0 = Release|Any CPU
		{2E5DA9E9-CCD9-4E4F-A841-706393E59EAA}.Release|x86.ActiveCfg = Release|Any CPU
		{2E5DA9E9-CCD9-4E4F-A841-706393E59EAA}.Release|x86.Build.0 = Release|Any CPU
		{B04124BA-1758-4AA2-8D3C-9BC0FB9C0E33}.Debug|Any CPU.ActiveCfg = Debug|Any CPU
		{B04124BA-1758-4AA2-8D3C-9BC0FB9C0E33}.Debug|Any CPU.Build.0 = Debug|Any CPU
		{B04124BA-1758-4AA2-8D3C-9BC0FB9C0E33}.Debug|ARM64.ActiveCfg = Debug|Any CPU
		{B04124BA-1758-4AA2-8D3C-9BC0FB9C0E33}.Debug|ARM64.Build.0 = Debug|Any CPU
		{B04124BA-1758-4AA2-8D3C-9BC0FB9C0E33}.Debug|x64.ActiveCfg = Debug|Any CPU
		{B04124BA-1758-4AA2-8D3C-9BC0FB9C0E33}.Debug|x64.Build.0 = Debug|Any CPU
		{B04124BA-1758-4AA2-8D3C-9BC0FB9C0E33}.Debug|x86.ActiveCfg = Debug|Any CPU
		{B04124BA-1758-4AA2-8D3C-9BC0FB9C0E33}.Debug|x86.Build.0 = Debug|Any CPU
		{B04124BA-1758-4AA2-8D3C-9BC0FB9C0E33}.Release|Any CPU.ActiveCfg = Release|Any CPU
		{B04124BA-1758-4AA2-8D3C-9BC0FB9C0E33}.Release|Any CPU.Build.0 = Release|Any CPU
		{B04124BA-1758-4AA2-8D3C-9BC0FB9C0E33}.Release|ARM64.ActiveCfg = Release|Any CPU
		{B04124BA-1758-4AA2-8D3C-9BC0FB9C0E33}.Release|ARM64.Build.0 = Release|Any CPU
		{B04124BA-1758-4AA2-8D3C-9BC0FB9C0E33}.Release|x64.ActiveCfg = Release|Any CPU
		{B04124BA-1758-4AA2-8D3C-9BC0FB9C0E33}.Release|x64.Build.0 = Release|Any CPU
		{B04124BA-1758-4AA2-8D3C-9BC0FB9C0E33}.Release|x86.ActiveCfg = Release|Any CPU
		{B04124BA-1758-4AA2-8D3C-9BC0FB9C0E33}.Release|x86.Build.0 = Release|Any CPU
		{BC9538D2-5B2E-487C-948D-E78BC2EE31BF}.Debug|Any CPU.ActiveCfg = Debug|Any CPU
		{BC9538D2-5B2E-487C-948D-E78BC2EE31BF}.Debug|Any CPU.Build.0 = Debug|Any CPU
		{BC9538D2-5B2E-487C-948D-E78BC2EE31BF}.Debug|ARM64.ActiveCfg = Debug|Any CPU
		{BC9538D2-5B2E-487C-948D-E78BC2EE31BF}.Debug|ARM64.Build.0 = Debug|Any CPU
		{BC9538D2-5B2E-487C-948D-E78BC2EE31BF}.Debug|x64.ActiveCfg = Debug|Any CPU
		{BC9538D2-5B2E-487C-948D-E78BC2EE31BF}.Debug|x64.Build.0 = Debug|Any CPU
		{BC9538D2-5B2E-487C-948D-E78BC2EE31BF}.Debug|x86.ActiveCfg = Debug|Any CPU
		{BC9538D2-5B2E-487C-948D-E78BC2EE31BF}.Debug|x86.Build.0 = Debug|Any CPU
		{BC9538D2-5B2E-487C-948D-E78BC2EE31BF}.Release|Any CPU.ActiveCfg = Release|Any CPU
		{BC9538D2-5B2E-487C-948D-E78BC2EE31BF}.Release|Any CPU.Build.0 = Release|Any CPU
		{BC9538D2-5B2E-487C-948D-E78BC2EE31BF}.Release|ARM64.ActiveCfg = Release|Any CPU
		{BC9538D2-5B2E-487C-948D-E78BC2EE31BF}.Release|ARM64.Build.0 = Release|Any CPU
		{BC9538D2-5B2E-487C-948D-E78BC2EE31BF}.Release|x64.ActiveCfg = Release|Any CPU
		{BC9538D2-5B2E-487C-948D-E78BC2EE31BF}.Release|x64.Build.0 = Release|Any CPU
		{BC9538D2-5B2E-487C-948D-E78BC2EE31BF}.Release|x86.ActiveCfg = Release|Any CPU
		{BC9538D2-5B2E-487C-948D-E78BC2EE31BF}.Release|x86.Build.0 = Release|Any CPU
		{FEAF253A-A8B4-45DE-A0DB-F009B86F1734}.Debug|Any CPU.ActiveCfg = Debug|Any CPU
		{FEAF253A-A8B4-45DE-A0DB-F009B86F1734}.Debug|Any CPU.Build.0 = Debug|Any CPU
		{FEAF253A-A8B4-45DE-A0DB-F009B86F1734}.Debug|ARM64.ActiveCfg = Debug|Any CPU
		{FEAF253A-A8B4-45DE-A0DB-F009B86F1734}.Debug|ARM64.Build.0 = Debug|Any CPU
		{FEAF253A-A8B4-45DE-A0DB-F009B86F1734}.Debug|x64.ActiveCfg = Debug|Any CPU
		{FEAF253A-A8B4-45DE-A0DB-F009B86F1734}.Debug|x64.Build.0 = Debug|Any CPU
		{FEAF253A-A8B4-45DE-A0DB-F009B86F1734}.Debug|x86.ActiveCfg = Debug|Any CPU
		{FEAF253A-A8B4-45DE-A0DB-F009B86F1734}.Debug|x86.Build.0 = Debug|Any CPU
		{FEAF253A-A8B4-45DE-A0DB-F009B86F1734}.Release|Any CPU.ActiveCfg = Release|Any CPU
		{FEAF253A-A8B4-45DE-A0DB-F009B86F1734}.Release|Any CPU.Build.0 = Release|Any CPU
		{FEAF253A-A8B4-45DE-A0DB-F009B86F1734}.Release|ARM64.ActiveCfg = Release|Any CPU
		{FEAF253A-A8B4-45DE-A0DB-F009B86F1734}.Release|ARM64.Build.0 = Release|Any CPU
		{FEAF253A-A8B4-45DE-A0DB-F009B86F1734}.Release|x64.ActiveCfg = Release|Any CPU
		{FEAF253A-A8B4-45DE-A0DB-F009B86F1734}.Release|x64.Build.0 = Release|Any CPU
		{FEAF253A-A8B4-45DE-A0DB-F009B86F1734}.Release|x86.ActiveCfg = Release|Any CPU
		{FEAF253A-A8B4-45DE-A0DB-F009B86F1734}.Release|x86.Build.0 = Release|Any CPU
		{7B636AED-AA0B-4B93-B47A-F46C197F0356}.Debug|Any CPU.ActiveCfg = Debug|Any CPU
		{7B636AED-AA0B-4B93-B47A-F46C197F0356}.Debug|Any CPU.Build.0 = Debug|Any CPU
		{7B636AED-AA0B-4B93-B47A-F46C197F0356}.Debug|ARM64.ActiveCfg = Debug|Any CPU
		{7B636AED-AA0B-4B93-B47A-F46C197F0356}.Debug|ARM64.Build.0 = Debug|Any CPU
		{7B636AED-AA0B-4B93-B47A-F46C197F0356}.Debug|x64.ActiveCfg = Debug|Any CPU
		{7B636AED-AA0B-4B93-B47A-F46C197F0356}.Debug|x64.Build.0 = Debug|Any CPU
		{7B636AED-AA0B-4B93-B47A-F46C197F0356}.Debug|x86.ActiveCfg = Debug|Any CPU
		{7B636AED-AA0B-4B93-B47A-F46C197F0356}.Debug|x86.Build.0 = Debug|Any CPU
		{7B636AED-AA0B-4B93-B47A-F46C197F0356}.Release|Any CPU.ActiveCfg = Release|Any CPU
		{7B636AED-AA0B-4B93-B47A-F46C197F0356}.Release|Any CPU.Build.0 = Release|Any CPU
		{7B636AED-AA0B-4B93-B47A-F46C197F0356}.Release|ARM64.ActiveCfg = Release|Any CPU
		{7B636AED-AA0B-4B93-B47A-F46C197F0356}.Release|ARM64.Build.0 = Release|Any CPU
		{7B636AED-AA0B-4B93-B47A-F46C197F0356}.Release|x64.ActiveCfg = Release|Any CPU
		{7B636AED-AA0B-4B93-B47A-F46C197F0356}.Release|x64.Build.0 = Release|Any CPU
		{7B636AED-AA0B-4B93-B47A-F46C197F0356}.Release|x86.ActiveCfg = Release|Any CPU
		{7B636AED-AA0B-4B93-B47A-F46C197F0356}.Release|x86.Build.0 = Release|Any CPU
		{59DB54E9-A91D-469F-9AD4-8252BC748DA1}.Debug|Any CPU.ActiveCfg = Debug|Any CPU
		{59DB54E9-A91D-469F-9AD4-8252BC748DA1}.Debug|Any CPU.Build.0 = Debug|Any CPU
		{59DB54E9-A91D-469F-9AD4-8252BC748DA1}.Debug|ARM64.ActiveCfg = Debug|Any CPU
		{59DB54E9-A91D-469F-9AD4-8252BC748DA1}.Debug|ARM64.Build.0 = Debug|Any CPU
		{59DB54E9-A91D-469F-9AD4-8252BC748DA1}.Debug|x64.ActiveCfg = Debug|Any CPU
		{59DB54E9-A91D-469F-9AD4-8252BC748DA1}.Debug|x64.Build.0 = Debug|Any CPU
		{59DB54E9-A91D-469F-9AD4-8252BC748DA1}.Debug|x86.ActiveCfg = Debug|Any CPU
		{59DB54E9-A91D-469F-9AD4-8252BC748DA1}.Debug|x86.Build.0 = Debug|Any CPU
		{59DB54E9-A91D-469F-9AD4-8252BC748DA1}.Release|Any CPU.ActiveCfg = Release|Any CPU
		{59DB54E9-A91D-469F-9AD4-8252BC748DA1}.Release|Any CPU.Build.0 = Release|Any CPU
		{59DB54E9-A91D-469F-9AD4-8252BC748DA1}.Release|ARM64.ActiveCfg = Release|Any CPU
		{59DB54E9-A91D-469F-9AD4-8252BC748DA1}.Release|ARM64.Build.0 = Release|Any CPU
		{59DB54E9-A91D-469F-9AD4-8252BC748DA1}.Release|x64.ActiveCfg = Release|Any CPU
		{59DB54E9-A91D-469F-9AD4-8252BC748DA1}.Release|x64.Build.0 = Release|Any CPU
		{59DB54E9-A91D-469F-9AD4-8252BC748DA1}.Release|x86.ActiveCfg = Release|Any CPU
		{59DB54E9-A91D-469F-9AD4-8252BC748DA1}.Release|x86.Build.0 = Release|Any CPU
		{AE36D533-FC41-4EED-9770-85204CBC3894}.Debug|Any CPU.ActiveCfg = Debug|Any CPU
		{AE36D533-FC41-4EED-9770-85204CBC3894}.Debug|Any CPU.Build.0 = Debug|Any CPU
		{AE36D533-FC41-4EED-9770-85204CBC3894}.Debug|ARM64.ActiveCfg = Debug|Any CPU
		{AE36D533-FC41-4EED-9770-85204CBC3894}.Debug|ARM64.Build.0 = Debug|Any CPU
		{AE36D533-FC41-4EED-9770-85204CBC3894}.Debug|x64.ActiveCfg = Debug|Any CPU
		{AE36D533-FC41-4EED-9770-85204CBC3894}.Debug|x64.Build.0 = Debug|Any CPU
		{AE36D533-FC41-4EED-9770-85204CBC3894}.Debug|x86.ActiveCfg = Debug|Any CPU
		{AE36D533-FC41-4EED-9770-85204CBC3894}.Debug|x86.Build.0 = Debug|Any CPU
		{AE36D533-FC41-4EED-9770-85204CBC3894}.Release|Any CPU.ActiveCfg = Release|Any CPU
		{AE36D533-FC41-4EED-9770-85204CBC3894}.Release|Any CPU.Build.0 = Release|Any CPU
		{AE36D533-FC41-4EED-9770-85204CBC3894}.Release|ARM64.ActiveCfg = Release|Any CPU
		{AE36D533-FC41-4EED-9770-85204CBC3894}.Release|ARM64.Build.0 = Release|Any CPU
		{AE36D533-FC41-4EED-9770-85204CBC3894}.Release|x64.ActiveCfg = Release|Any CPU
		{AE36D533-FC41-4EED-9770-85204CBC3894}.Release|x64.Build.0 = Release|Any CPU
		{AE36D533-FC41-4EED-9770-85204CBC3894}.Release|x86.ActiveCfg = Release|Any CPU
		{AE36D533-FC41-4EED-9770-85204CBC3894}.Release|x86.Build.0 = Release|Any CPU
		{55E7DE4A-BF34-48B4-9187-78714DEF1C0C}.Debug|Any CPU.ActiveCfg = Debug|Any CPU
		{55E7DE4A-BF34-48B4-9187-78714DEF1C0C}.Debug|Any CPU.Build.0 = Debug|Any CPU
		{55E7DE4A-BF34-48B4-9187-78714DEF1C0C}.Debug|ARM64.ActiveCfg = Debug|Any CPU
		{55E7DE4A-BF34-48B4-9187-78714DEF1C0C}.Debug|ARM64.Build.0 = Debug|Any CPU
		{55E7DE4A-BF34-48B4-9187-78714DEF1C0C}.Debug|x64.ActiveCfg = Debug|Any CPU
		{55E7DE4A-BF34-48B4-9187-78714DEF1C0C}.Debug|x64.Build.0 = Debug|Any CPU
		{55E7DE4A-BF34-48B4-9187-78714DEF1C0C}.Debug|x86.ActiveCfg = Debug|Any CPU
		{55E7DE4A-BF34-48B4-9187-78714DEF1C0C}.Debug|x86.Build.0 = Debug|Any CPU
		{55E7DE4A-BF34-48B4-9187-78714DEF1C0C}.Release|Any CPU.ActiveCfg = Release|Any CPU
		{55E7DE4A-BF34-48B4-9187-78714DEF1C0C}.Release|Any CPU.Build.0 = Release|Any CPU
		{55E7DE4A-BF34-48B4-9187-78714DEF1C0C}.Release|ARM64.ActiveCfg = Release|Any CPU
		{55E7DE4A-BF34-48B4-9187-78714DEF1C0C}.Release|ARM64.Build.0 = Release|Any CPU
		{55E7DE4A-BF34-48B4-9187-78714DEF1C0C}.Release|x64.ActiveCfg = Release|Any CPU
		{55E7DE4A-BF34-48B4-9187-78714DEF1C0C}.Release|x64.Build.0 = Release|Any CPU
		{55E7DE4A-BF34-48B4-9187-78714DEF1C0C}.Release|x86.ActiveCfg = Release|Any CPU
		{55E7DE4A-BF34-48B4-9187-78714DEF1C0C}.Release|x86.Build.0 = Release|Any CPU
	EndGlobalSection
	GlobalSection(SolutionProperties) = preSolution
		HideSolutionNode = FALSE
	EndGlobalSection
	GlobalSection(ExtensibilityGlobals) = postSolution
		SolutionGuid = {3FD684B2-0B85-4D0F-BEB1-ECAAB99CE11E}
	EndGlobalSection
EndGlobal
