
Microsoft Visual Studio Solution File, Format Version 12.00
# Visual Studio Version 17
VisualStudioVersion = 17.1.32407.343
MinimumVisualStudioVersion = 10.0.40219.1
Project("{FAE04EC0-301F-11D3-BF4B-00C04F79EFBC}") = "IpcServer", "IpcServer\IpcServer.csproj", "{3134D13C-5F1C-4050-9507-E317859A9C24}"
EndProject
Project("{FAE04EC0-301F-11D3-BF4B-00C04F79EFBC}") = "IpcClient", "IpcClient\IpcClient.csproj", "{FE6EB8CF-4810-4197-BFDC-530EC56A931D}"
EndProject
Project("{FAE04EC0-301F-11D3-BF4B-00C04F79EFBC}") = "EventLogPublisher", "EventLogPublisher\EventLogPublisher.csproj", "{394CF89F-9841-4EDA-8E68-43D0914ACFC8}"
EndProject
Project("{FAE04EC0-301F-11D3-BF4B-00C04F79EFBC}") = "EventLogSubsriber", "EventLogSubsriber\EventLogSubsriber.csproj", "{0A9DF203-D636-4FA7-AAD6-6E508135C20B}"
EndProject
Project("{FAE04EC0-301F-11D3-BF4B-00C04F79EFBC}") = "FormsTest", "FormsTest\FormsTest.csproj", "{B5DD4FCE-0C5E-4013-BA67-C8C3E994E77E}"
EndProject
Project("{FAE04EC0-301F-11D3-BF4B-00C04F79EFBC}") = "ProcessMonitorTest", "ProcessMonitorTest\ProcessMonitorTest.csproj", "{381D536C-BC07-4A4B-97F2-59A02EDCF711}"
EndProject
Project("{FAE04EC0-301F-11D3-BF4B-00C04F79EFBC}") = "Common", "Common\Common.csproj", "{0698EB58-DEE6-4285-BAEF-872887FF15CB}"
EndProject
Project("{FAE04EC0-301F-11D3-BF4B-00C04F79EFBC}") = "ServiceMonitorTest", "ServiceMonitorTest\ServiceMonitorTest.csproj", "{4E152C66-8756-4049-B259-F57785ED6A95}"
EndProject
Project("{FAE04EC0-301F-11D3-BF4B-00C04F79EFBC}") = "AvMonitorTest", "AvMonitorTest\AvMonitorTest.csproj", "{723D755F-B19A-4DC2-B75D-B9FFD6252AD8}"
EndProject
Project("{FAE04EC0-301F-11D3-BF4B-00C04F79EFBC}") = "SystemManagementTest", "SystemManagementTest\SystemManagementTest.csproj", "{CBEDC414-1E71-4C30-8287-9FB7DCAFC24C}"
EndProject
Project("{FAE04EC0-301F-11D3-BF4B-00C04F79EFBC}") = "SampleService", "SampleService\SampleService.csproj", "{F668676B-A8DD-48DF-A750-16E802A9C325}"
EndProject
Project("{FAE04EC0-301F-11D3-BF4B-00C04F79EFBC}") = "FileWatcherSample", "FileWatcherSample\FileWatcherSample.csproj", "{D94C5350-C0B8-471B-92BD-52A8BC43FE2B}"
EndProject
Project("{FAE04EC0-301F-11D3-BF4B-00C04F79EFBC}") = "WinUserManagementTest", "WinUserManagementTest\WinUserManagementTest.csproj", "{A316AA11-C40A-4B40-A855-3597209E22FB}"
EndProject
Project("{FAE04EC0-301F-11D3-BF4B-00C04F79EFBC}") = "InstallerSample", "InstallerSample\InstallerSample.csproj", "{A896730E-220D-413A-BA70-08FA59182BE7}"
EndProject
Project("{FAE04EC0-301F-11D3-BF4B-00C04F79EFBC}") = "ServiceInstallerTest", "ServiceInstallerTest\ServiceInstallerTest.csproj", "{C1555CA3-373E-4D8A-9C60-606FCD795AB1}"
EndProject
Project("{FAE04EC0-301F-11D3-BF4B-00C04F79EFBC}") = "WinUserLogOffTest", "WinUserLogOffTest\WinUserLogOffTest.csproj", "{A963993C-447D-49AF-9F4B-5BB0F53E5590}"
EndProject
Project("{FAE04EC0-301F-11D3-BF4B-00C04F79EFBC}") = "ProcessMonitoring", "ProcessMonitoring\ProcessMonitoring.csproj", "{081B48BE-86E1-44B1-8FE0-C8DE064B8150}"
EndProject
Global
	GlobalSection(SolutionConfigurationPlatforms) = preSolution
		Debug|Any CPU = Debug|Any CPU
		Release|Any CPU = Release|Any CPU
	EndGlobalSection
	GlobalSection(ProjectConfigurationPlatforms) = postSolution
		{3134D13C-5F1C-4050-9507-E317859A9C24}.Debug|Any CPU.ActiveCfg = Debug|Any CPU
		{3134D13C-5F1C-4050-9507-E317859A9C24}.Debug|Any CPU.Build.0 = Debug|Any CPU
		{3134D13C-5F1C-4050-9507-E317859A9C24}.Release|Any CPU.ActiveCfg = Release|Any CPU
		{3134D13C-5F1C-4050-9507-E317859A9C24}.Release|Any CPU.Build.0 = Release|Any CPU
		{FE6EB8CF-4810-4197-BFDC-530EC56A931D}.Debug|Any CPU.ActiveCfg = Debug|Any CPU
		{FE6EB8CF-4810-4197-BFDC-530EC56A931D}.Debug|Any CPU.Build.0 = Debug|Any CPU
		{FE6EB8CF-4810-4197-BFDC-530EC56A931D}.Release|Any CPU.ActiveCfg = Release|Any CPU
		{FE6EB8CF-4810-4197-BFDC-530EC56A931D}.Release|Any CPU.Build.0 = Release|Any CPU
		{394CF89F-9841-4EDA-8E68-43D0914ACFC8}.Debug|Any CPU.ActiveCfg = Debug|Any CPU
		{394CF89F-9841-4EDA-8E68-43D0914ACFC8}.Debug|Any CPU.Build.0 = Debug|Any CPU
		{394CF89F-9841-4EDA-8E68-43D0914ACFC8}.Release|Any CPU.ActiveCfg = Release|Any CPU
		{394CF89F-9841-4EDA-8E68-43D0914ACFC8}.Release|Any CPU.Build.0 = Release|Any CPU
		{0A9DF203-D636-4FA7-AAD6-6E508135C20B}.Debug|Any CPU.ActiveCfg = Debug|Any CPU
		{0A9DF203-D636-4FA7-AAD6-6E508135C20B}.Debug|Any CPU.Build.0 = Debug|Any CPU
		{0A9DF203-D636-4FA7-AAD6-6E508135C20B}.Release|Any CPU.ActiveCfg = Release|Any CPU
		{0A9DF203-D636-4FA7-AAD6-6E508135C20B}.Release|Any CPU.Build.0 = Release|Any CPU
		{B5DD4FCE-0C5E-4013-BA67-C8C3E994E77E}.Debug|Any CPU.ActiveCfg = Debug|Any CPU
		{B5DD4FCE-0C5E-4013-BA67-C8C3E994E77E}.Debug|Any CPU.Build.0 = Debug|Any CPU
		{B5DD4FCE-0C5E-4013-BA67-C8C3E994E77E}.Release|Any CPU.ActiveCfg = Release|Any CPU
		{B5DD4FCE-0C5E-4013-BA67-C8C3E994E77E}.Release|Any CPU.Build.0 = Release|Any CPU
		{381D536C-BC07-4A4B-97F2-59A02EDCF711}.Debug|Any CPU.ActiveCfg = Debug|Any CPU
		{381D536C-BC07-4A4B-97F2-59A02EDCF711}.Debug|Any CPU.Build.0 = Debug|Any CPU
		{381D536C-BC07-4A4B-97F2-59A02EDCF711}.Release|Any CPU.ActiveCfg = Release|Any CPU
		{381D536C-BC07-4A4B-97F2-59A02EDCF711}.Release|Any CPU.Build.0 = Release|Any CPU
		{0698EB58-DEE6-4285-BAEF-872887FF15CB}.Debug|Any CPU.ActiveCfg = Debug|Any CPU
		{0698EB58-DEE6-4285-BAEF-872887FF15CB}.Debug|Any CPU.Build.0 = Debug|Any CPU
		{0698EB58-DEE6-4285-BAEF-872887FF15CB}.Release|Any CPU.ActiveCfg = Release|Any CPU
		{0698EB58-DEE6-4285-BAEF-872887FF15CB}.Release|Any CPU.Build.0 = Release|Any CPU
		{4E152C66-8756-4049-B259-F57785ED6A95}.Debug|Any CPU.ActiveCfg = Debug|Any CPU
		{4E152C66-8756-4049-B259-F57785ED6A95}.Debug|Any CPU.Build.0 = Debug|Any CPU
		{4E152C66-8756-4049-B259-F57785ED6A95}.Release|Any CPU.ActiveCfg = Release|Any CPU
		{4E152C66-8756-4049-B259-F57785ED6A95}.Release|Any CPU.Build.0 = Release|Any CPU
		{723D755F-B19A-4DC2-B75D-B9FFD6252AD8}.Debug|Any CPU.ActiveCfg = Debug|Any CPU
		{723D755F-B19A-4DC2-B75D-B9FFD6252AD8}.Debug|Any CPU.Build.0 = Debug|Any CPU
		{723D755F-B19A-4DC2-B75D-B9FFD6252AD8}.Release|Any CPU.ActiveCfg = Release|Any CPU
		{723D755F-B19A-4DC2-B75D-B9FFD6252AD8}.Release|Any CPU.Build.0 = Release|Any CPU
		{CBEDC414-1E71-4C30-8287-9FB7DCAFC24C}.Debug|Any CPU.ActiveCfg = Debug|Any CPU
		{CBEDC414-1E71-4C30-8287-9FB7DCAFC24C}.Debug|Any CPU.Build.0 = Debug|Any CPU
		{CBEDC414-1E71-4C30-8287-9FB7DCAFC24C}.Release|Any CPU.ActiveCfg = Release|Any CPU
		{CBEDC414-1E71-4C30-8287-9FB7DCAFC24C}.Release|Any CPU.Build.0 = Release|Any CPU
		{F668676B-A8DD-48DF-A750-16E802A9C325}.Debug|Any CPU.ActiveCfg = Debug|Any CPU
		{F668676B-A8DD-48DF-A750-16E802A9C325}.Debug|Any CPU.Build.0 = Debug|Any CPU
		{F668676B-A8DD-48DF-A750-16E802A9C325}.Release|Any CPU.ActiveCfg = Release|Any CPU
		{F668676B-A8DD-48DF-A750-16E802A9C325}.Release|Any CPU.Build.0 = Release|Any CPU
		{D94C5350-C0B8-471B-92BD-52A8BC43FE2B}.Debug|Any CPU.ActiveCfg = Debug|Any CPU
		{D94C5350-C0B8-471B-92BD-52A8BC43FE2B}.Debug|Any CPU.Build.0 = Debug|Any CPU
		{D94C5350-C0B8-471B-92BD-52A8BC43FE2B}.Release|Any CPU.ActiveCfg = Release|Any CPU
		{D94C5350-C0B8-471B-92BD-52A8BC43FE2B}.Release|Any CPU.Build.0 = Release|Any CPU
		{A316AA11-C40A-4B40-A855-3597209E22FB}.Debug|Any CPU.ActiveCfg = Debug|Any CPU
		{A316AA11-C40A-4B40-A855-3597209E22FB}.Debug|Any CPU.Build.0 = Debug|Any CPU
		{A316AA11-C40A-4B40-A855-3597209E22FB}.Release|Any CPU.ActiveCfg = Release|Any CPU
		{A316AA11-C40A-4B40-A855-3597209E22FB}.Release|Any CPU.Build.0 = Release|Any CPU
		{A896730E-220D-413A-BA70-08FA59182BE7}.Debug|Any CPU.ActiveCfg = Debug|Any CPU
		{A896730E-220D-413A-BA70-08FA59182BE7}.Debug|Any CPU.Build.0 = Debug|Any CPU
		{A896730E-220D-413A-BA70-08FA59182BE7}.Release|Any CPU.ActiveCfg = Release|Any CPU
		{A896730E-220D-413A-BA70-08FA59182BE7}.Release|Any CPU.Build.0 = Release|Any CPU
		{C1555CA3-373E-4D8A-9C60-606FCD795AB1}.Debug|Any CPU.ActiveCfg = Debug|Any CPU
		{C1555CA3-373E-4D8A-9C60-606FCD795AB1}.Debug|Any CPU.Build.0 = Debug|Any CPU
		{C1555CA3-373E-4D8A-9C60-606FCD795AB1}.Release|Any CPU.ActiveCfg = Release|Any CPU
		{C1555CA3-373E-4D8A-9C60-606FCD795AB1}.Release|Any CPU.Build.0 = Release|Any CPU
		{A963993C-447D-49AF-9F4B-5BB0F53E5590}.Debug|Any CPU.ActiveCfg = Debug|Any CPU
		{A963993C-447D-49AF-9F4B-5BB0F53E5590}.Debug|Any CPU.Build.0 = Debug|Any CPU
		{A963993C-447D-49AF-9F4B-5BB0F53E5590}.Release|Any CPU.ActiveCfg = Release|Any CPU
		{A963993C-447D-49AF-9F4B-5BB0F53E5590}.Release|Any CPU.Build.0 = Release|Any CPU
		{081B48BE-86E1-44B1-8FE0-C8DE064B8150}.Debug|Any CPU.ActiveCfg = Debug|Any CPU
		{081B48BE-86E1-44B1-8FE0-C8DE064B8150}.Debug|Any CPU.Build.0 = Debug|Any CPU
		{081B48BE-86E1-44B1-8FE0-C8DE064B8150}.Release|Any CPU.ActiveCfg = Release|Any CPU
		{081B48BE-86E1-44B1-8FE0-C8DE064B8150}.Release|Any CPU.Build.0 = Release|Any CPU
	EndGlobalSection
	GlobalSection(SolutionProperties) = preSolution
		HideSolutionNode = FALSE
	EndGlobalSection
	GlobalSection(ExtensibilityGlobals) = postSolution
		SolutionGuid = {3FD684B2-0B85-4D0F-BEB1-ECAAB99CE11E}
	EndGlobalSection
EndGlobal
