
Microsoft Visual Studio Solution File, Format Version 12.00
# Visual Studio Version 17
VisualStudioVersion = 17.1.32407.343
MinimumVisualStudioVersion = 10.0.40219.1
Project("{FAE04EC0-301F-11D3-BF4B-00C04F79EFBC}") = "SingleAgent", "SingleAgent\SingleAgent.csproj", "{9F8824A3-D490-48AF-BDE9-06AA58E979FF}"
EndProject
Project("{54435603-DBB4-11D2-8724-00A0C9A8B90C}") = "SingleAgentSetup", "SingleAgentSetup\SingleAgentSetup.vdproj", "{786EF73C-BBEE-4011-A86A-13A8AA6A4A20}"
EndProject
Project("{FAE04EC0-301F-11D3-BF4B-00C04F79EFBC}") = "Invinsense3.0", "Invinsense3.0\Invinsense3.0.csproj", "{8256E95F-31D8-4F30-9CD3-B7D0C3D3CE74}"
EndProject
Global
	GlobalSection(SolutionConfigurationPlatforms) = preSolution
		Debug|Any CPU = Debug|Any CPU
		Release|Any CPU = Release|Any CPU
	EndGlobalSection
	GlobalSection(ProjectConfigurationPlatforms) = postSolution
		{9F8824A3-D490-48AF-BDE9-06AA58E979FF}.Debug|Any CPU.ActiveCfg = Debug|Any CPU
		{9F8824A3-D490-48AF-BDE9-06AA58E979FF}.Debug|Any CPU.Build.0 = Debug|Any CPU
		{9F8824A3-D490-48AF-BDE9-06AA58E979FF}.Release|Any CPU.ActiveCfg = Release|Any CPU
		{9F8824A3-D490-48AF-BDE9-06AA58E979FF}.Release|Any CPU.Build.0 = Release|Any CPU
		{786EF73C-BBEE-4011-A86A-13A8AA6A4A20}.Debug|Any CPU.ActiveCfg = Debug
		{786EF73C-BBEE-4011-A86A-13A8AA6A4A20}.Debug|Any CPU.Build.0 = Debug
		{786EF73C-BBEE-4011-A86A-13A8AA6A4A20}.Release|Any CPU.ActiveCfg = Release
		{786EF73C-BBEE-4011-A86A-13A8AA6A4A20}.Release|Any CPU.Build.0 = Release
		{8256E95F-31D8-4F30-9CD3-B7D0C3D3CE74}.Debug|Any CPU.ActiveCfg = Debug|Any CPU
		{8256E95F-31D8-4F30-9CD3-B7D0C3D3CE74}.Debug|Any CPU.Build.0 = Debug|Any CPU
		{8256E95F-31D8-4F30-9CD3-B7D0C3D3CE74}.Release|Any CPU.ActiveCfg = Release|Any CPU
		{8256E95F-31D8-4F30-9CD3-B7D0C3D3CE74}.Release|Any CPU.Build.0 = Release|Any CPU
	EndGlobalSection
	GlobalSection(SolutionProperties) = preSolution
		HideSolutionNode = FALSE
	EndGlobalSection
	GlobalSection(ExtensibilityGlobals) = postSolution
		SolutionGuid = {3FD684B2-0B85-4D0F-BEB1-ECAAB99CE11E}
	EndGlobalSection
EndGlobal
